// !$*UTF8*$!
{
	archiveVersion = 1;
	classes = {
	};
	objectVersion = 46;
	objects = {

/* Begin PBXBuildFile section */
		040A3F3A190D5C8700BBF2ED /* ImageIO.framework in Frameworks */ = {isa = PBXBuildFile; fileRef = 040A3F39190D5C8700BBF2ED /* ImageIO.framework */; };
		0444F6E418EE3F75005A0490 /* GameKit.framework in Frameworks */ = {isa = PBXBuildFile; fileRef = 0444F6E318EE3F75005A0490 /* GameKit.framework */; };
		0444F6E718EE3F7E005A0490 /* StoreKit.framework in Frameworks */ = {isa = PBXBuildFile; fileRef = 0444F6E618EE3F7E005A0490 /* StoreKit.framework */; };
		0448478918EA1BA100D35B0F /* Foundation.framework in Frameworks */ = {isa = PBXBuildFile; fileRef = 0448478818EA1BA100D35B0F /* Foundation.framework */; };
		0448478B18EA1BA100D35B0F /* CoreGraphics.framework in Frameworks */ = {isa = PBXBuildFile; fileRef = 0448478A18EA1BA100D35B0F /* CoreGraphics.framework */; };
		0448478D18EA1BA100D35B0F /* UIKit.framework in Frameworks */ = {isa = PBXBuildFile; fileRef = 0448478C18EA1BA100D35B0F /* UIKit.framework */; };
		044847AC18EA1BA100D35B0F /* Foundation.framework in Frameworks */ = {isa = PBXBuildFile; fileRef = 0448478818EA1BA100D35B0F /* Foundation.framework */; };
		044847AD18EA1BA100D35B0F /* UIKit.framework in Frameworks */ = {isa = PBXBuildFile; fileRef = 0448478C18EA1BA100D35B0F /* UIKit.framework */; };
		045D202419035A5E0001701F /* SpriteKit.framework in Frameworks */ = {isa = PBXBuildFile; fileRef = 045D202319035A5E0001701F /* SpriteKit.framework */; };
		04983CCB18EE5FB90022FB63 /* CoreData.framework in Frameworks */ = {isa = PBXBuildFile; fileRef = 04983CCA18EE5FB90022FB63 /* CoreData.framework */; };
		0499660D18ED1A3F00373E57 /* README.md in Resources */ = {isa = PBXBuildFile; fileRef = 0499660C18ED1A3F00373E57 /* README.md */; };
		04A5EE3E19215E450097E086 /* HistoriesTableViewController.m in Sources */ = {isa = PBXBuildFile; fileRef = 04A5EE3D19215E450097E086 /* HistoriesTableViewController.m */; };
		04A8EA3D19104BCE00E6AC55 /* 2048 Friends.entitlements in Resources */ = {isa = PBXBuildFile; fileRef = 04A8EA3C19104BCE00E6AC55 /* 2048 Friends.entitlements */; };
		04A8EA4519104C3200E6AC55 /* Images.xcassets in Resources */ = {isa = PBXBuildFile; fileRef = 04A8EA4419104C3200E6AC55 /* Images.xcassets */; };
		04A8EA4819104C4D00E6AC55 /* Theme.m in Sources */ = {isa = PBXBuildFile; fileRef = 04A8EA4719104C4D00E6AC55 /* Theme.m */; };
		04A8EA4B19104C6100E6AC55 /* LoginViewController.m in Sources */ = {isa = PBXBuildFile; fileRef = 04A8EA4A19104C6100E6AC55 /* LoginViewController.m */; };
		04A8EA4E19104C7600E6AC55 /* GameViewController.m in Sources */ = {isa = PBXBuildFile; fileRef = 04A8EA4D19104C7600E6AC55 /* GameViewController.m */; };
		04A8EA5119104C9400E6AC55 /* MenuTableViewController.m in Sources */ = {isa = PBXBuildFile; fileRef = 04A8EA5019104C9400E6AC55 /* MenuTableViewController.m */; };
		04A8EA5419104CA000E6AC55 /* MenuTableViewControllerTransitionAnimator.m in Sources */ = {isa = PBXBuildFile; fileRef = 04A8EA5319104CA000E6AC55 /* MenuTableViewControllerTransitionAnimator.m */; };
		04A8EA5719104CAD00E6AC55 /* BoardScene.m in Sources */ = {isa = PBXBuildFile; fileRef = 04A8EA5619104CAD00E6AC55 /* BoardScene.m */; };
		04A8EA5A19104CBB00E6AC55 /* TileSKShapeNode.m in Sources */ = {isa = PBXBuildFile; fileRef = 04A8EA5919104CBB00E6AC55 /* TileSKShapeNode.m */; };
		04A8EA5D19104CCE00E6AC55 /* BoardViewController.m in Sources */ = {isa = PBXBuildFile; fileRef = 04A8EA5C19104CCE00E6AC55 /* BoardViewController.m */; };
		04A8EA6319104CE300E6AC55 /* UIImage+ImageEffects.m in Sources */ = {isa = PBXBuildFile; fileRef = 04A8EA6219104CE300E6AC55 /* UIImage+ImageEffects.m */; };
		04A8EA6719104D1C00E6AC55 /* main.m in Sources */ = {isa = PBXBuildFile; fileRef = 04A8EA6619104D1C00E6AC55 /* main.m */; };
		04A8EA7819104D9B00E6AC55 /* 2048 FriendsTests-Info.plist in Resources */ = {isa = PBXBuildFile; fileRef = 04A8EA7719104D9B00E6AC55 /* 2048 FriendsTests-Info.plist */; };
		04A8EA7C19104E3200E6AC55 /* TileView.m in Sources */ = {isa = PBXBuildFile; fileRef = 04A8EA7B19104E3200E6AC55 /* TileView.m */; };
		04A8EA7F19104E4200E6AC55 /* AppDelegate.m in Sources */ = {isa = PBXBuildFile; fileRef = 04A8EA7E19104E4200E6AC55 /* AppDelegate.m */; };
		04A8EA8219104E5E00E6AC55 /* Tile+ModelLayer03.m in Sources */ = {isa = PBXBuildFile; fileRef = 04A8EA8119104E5E00E6AC55 /* Tile+ModelLayer03.m */; };
		04A8EA8519104E7A00E6AC55 /* Tile+ModelLayer02.m in Sources */ = {isa = PBXBuildFile; fileRef = 04A8EA8419104E7A00E6AC55 /* Tile+ModelLayer02.m */; };
		04A8EA8819104E8500E6AC55 /* Tile+ModelLayer01.m in Sources */ = {isa = PBXBuildFile; fileRef = 04A8EA8719104E8500E6AC55 /* Tile+ModelLayer01.m */; };
		04A8EA8B19104E9D00E6AC55 /* Board+ModelLayer03.m in Sources */ = {isa = PBXBuildFile; fileRef = 04A8EA8A19104E9D00E6AC55 /* Board+ModelLayer03.m */; };
		04A8EA8E19104EC900E6AC55 /* Tile.m in Sources */ = {isa = PBXBuildFile; fileRef = 04A8EA8D19104EC900E6AC55 /* Tile.m */; };
		04A8EA9119104EE300E6AC55 /* Board+ModelLayer02.m in Sources */ = {isa = PBXBuildFile; fileRef = 04A8EA9019104EE300E6AC55 /* Board+ModelLayer02.m */; };
		04A8EA9419104EF000E6AC55 /* Board+ModelLayer01.m in Sources */ = {isa = PBXBuildFile; fileRef = 04A8EA9319104EF000E6AC55 /* Board+ModelLayer01.m */; };
		04A8EA9719104EF800E6AC55 /* Board.m in Sources */ = {isa = PBXBuildFile; fileRef = 04A8EA9619104EF800E6AC55 /* Board.m */; };
		04A8EA9A19104F1100E6AC55 /* History+ModelLayer03.m in Sources */ = {isa = PBXBuildFile; fileRef = 04A8EA9919104F1100E6AC55 /* History+ModelLayer03.m */; };
		04A8EA9D19104F1900E6AC55 /* History+ModelLayer02.m in Sources */ = {isa = PBXBuildFile; fileRef = 04A8EA9C19104F1900E6AC55 /* History+ModelLayer02.m */; };
		04A8EAA019104F2000E6AC55 /* History+ModelLayer01.m in Sources */ = {isa = PBXBuildFile; fileRef = 04A8EA9F19104F2000E6AC55 /* History+ModelLayer01.m */; };
		04A8EAA319104F2B00E6AC55 /* History.m in Sources */ = {isa = PBXBuildFile; fileRef = 04A8EAA219104F2B00E6AC55 /* History.m */; };
		04A8EAA619104F4200E6AC55 /* GameManager+ModelLayer03.m in Sources */ = {isa = PBXBuildFile; fileRef = 04A8EAA519104F4200E6AC55 /* GameManager+ModelLayer03.m */; };
		04A8EAA919104F4E00E6AC55 /* GameManager+ModelLayer02.m in Sources */ = {isa = PBXBuildFile; fileRef = 04A8EAA819104F4E00E6AC55 /* GameManager+ModelLayer02.m */; };
		04A8EAAC19104F5300E6AC55 /* GameManager+ModelLayer01.m in Sources */ = {isa = PBXBuildFile; fileRef = 04A8EAAB19104F5300E6AC55 /* GameManager+ModelLayer01.m */; };
		04A8EAAF19104F6000E6AC55 /* GameManager.m in Sources */ = {isa = PBXBuildFile; fileRef = 04A8EAAE19104F6000E6AC55 /* GameManager.m */; };
		04A8EAB41910714200E6AC55 /* Main_iPhone.storyboard in Resources */ = {isa = PBXBuildFile; fileRef = 04A8EA3E19104C0000E6AC55 /* Main_iPhone.storyboard */; };
		04A8EAB51910714600E6AC55 /* Main_iPad.storyboard in Resources */ = {isa = PBXBuildFile; fileRef = 04A8EA4119104C2400E6AC55 /* Main_iPad.storyboard */; };
		04A8EAC4191071C400E6AC55 /* XCTest.framework in Frameworks */ = {isa = PBXBuildFile; fileRef = 044847AA18EA1BA100D35B0F /* XCTest.framework */; };
		04A8EAC61910759000E6AC55 /* _048_Friends Tests.m in Sources */ = {isa = PBXBuildFile; fileRef = 04A8EAB61910717000E6AC55 /* _048_Friends Tests.m */; };
		04A8EAC71910759000E6AC55 /* BoardSceneTests.m in Sources */ = {isa = PBXBuildFile; fileRef = 04A8EAB71910717000E6AC55 /* BoardSceneTests.m */; };
		04A8EAC81910759000E6AC55 /* BoardTest.m in Sources */ = {isa = PBXBuildFile; fileRef = 04A8EAB81910717000E6AC55 /* BoardTest.m */; };
		04A8EAC91910759000E6AC55 /* FetchingImagesTest.m in Sources */ = {isa = PBXBuildFile; fileRef = 04A8EAB91910717000E6AC55 /* FetchingImagesTest.m */; };
		04A8EACA1910759000E6AC55 /* GameManagerTest.m in Sources */ = {isa = PBXBuildFile; fileRef = 04A8EABA1910717000E6AC55 /* GameManagerTest.m */; };
		04A8EACB1910759000E6AC55 /* HistoryTest.m in Sources */ = {isa = PBXBuildFile; fileRef = 04A8EABB1910717000E6AC55 /* HistoryTest.m */; };
		04A8EACC1910759000E6AC55 /* TileTest.m in Sources */ = {isa = PBXBuildFile; fileRef = 04A8EABC1910717000E6AC55 /* TileTest.m */; };
		04A8EACD191075C200E6AC55 /* GameDataBase.xcdatamodeld in Sources */ = {isa = PBXBuildFile; fileRef = 04A8EAB11910504E00E6AC55 /* GameDataBase.xcdatamodeld */; };
		04A8EAD1191076AA00E6AC55 /* FacebookSDK.framework in Frameworks */ = {isa = PBXBuildFile; fileRef = 04A8EAD0191076AA00E6AC55 /* FacebookSDK.framework */; };
		04DA479E18F4DD4C00693AED /* iAd.framework in Frameworks */ = {isa = PBXBuildFile; fileRef = 04DA479D18F4DD4C00693AED /* iAd.framework */; };
/* End PBXBuildFile section */

/* Begin PBXContainerItemProxy section */
		044847AE18EA1BA100D35B0F /* PBXContainerItemProxy */ = {
			isa = PBXContainerItemProxy;
			containerPortal = 0448477D18EA1BA100D35B0F /* Project object */;
			proxyType = 1;
			remoteGlobalIDString = 0448478418EA1BA100D35B0F;
			remoteInfo = "2048 FB";
		};
/* End PBXContainerItemProxy section */

/* Begin PBXFileReference section */
		040A3F37190D5C4A00BBF2ED /* CoreImage.framework */ = {isa = PBXFileReference; lastKnownFileType = wrapper.framework; name = CoreImage.framework; path = System/Library/Frameworks/CoreImage.framework; sourceTree = SDKROOT; };
		040A3F39190D5C8700BBF2ED /* ImageIO.framework */ = {isa = PBXFileReference; lastKnownFileType = wrapper.framework; name = ImageIO.framework; path = System/Library/Frameworks/ImageIO.framework; sourceTree = SDKROOT; };
		0444F6E318EE3F75005A0490 /* GameKit.framework */ = {isa = PBXFileReference; lastKnownFileType = wrapper.framework; name = GameKit.framework; path = System/Library/Frameworks/GameKit.framework; sourceTree = SDKROOT; };
		0444F6E618EE3F7E005A0490 /* StoreKit.framework */ = {isa = PBXFileReference; lastKnownFileType = wrapper.framework; name = StoreKit.framework; path = System/Library/Frameworks/StoreKit.framework; sourceTree = SDKROOT; };
		0448478518EA1BA100D35B0F /* 2048 Friends.app */ = {isa = PBXFileReference; explicitFileType = wrapper.application; includeInIndex = 0; path = "2048 Friends.app"; sourceTree = BUILT_PRODUCTS_DIR; };
		0448478818EA1BA100D35B0F /* Foundation.framework */ = {isa = PBXFileReference; lastKnownFileType = wrapper.framework; name = Foundation.framework; path = System/Library/Frameworks/Foundation.framework; sourceTree = SDKROOT; };
		0448478A18EA1BA100D35B0F /* CoreGraphics.framework */ = {isa = PBXFileReference; lastKnownFileType = wrapper.framework; name = CoreGraphics.framework; path = System/Library/Frameworks/CoreGraphics.framework; sourceTree = SDKROOT; };
		0448478C18EA1BA100D35B0F /* UIKit.framework */ = {isa = PBXFileReference; lastKnownFileType = wrapper.framework; name = UIKit.framework; path = System/Library/Frameworks/UIKit.framework; sourceTree = SDKROOT; };
		044847A918EA1BA100D35B0F /* 2048 FriendsTests.xctest */ = {isa = PBXFileReference; explicitFileType = wrapper.cfbundle; includeInIndex = 0; path = "2048 FriendsTests.xctest"; sourceTree = BUILT_PRODUCTS_DIR; };
		044847AA18EA1BA100D35B0F /* XCTest.framework */ = {isa = PBXFileReference; lastKnownFileType = wrapper.framework; name = XCTest.framework; path = Library/Frameworks/XCTest.framework; sourceTree = DEVELOPER_DIR; };
		045D202319035A5E0001701F /* SpriteKit.framework */ = {isa = PBXFileReference; lastKnownFileType = wrapper.framework; name = SpriteKit.framework; path = System/Library/Frameworks/SpriteKit.framework; sourceTree = SDKROOT; };
		04983CCA18EE5FB90022FB63 /* CoreData.framework */ = {isa = PBXFileReference; lastKnownFileType = wrapper.framework; name = CoreData.framework; path = System/Library/Frameworks/CoreData.framework; sourceTree = SDKROOT; };
		0499660C18ED1A3F00373E57 /* README.md */ = {isa = PBXFileReference; fileEncoding = 4; lastKnownFileType = text; path = README.md; sourceTree = SOURCE_ROOT; };
		04A5EE3C19215E450097E086 /* HistoriesTableViewController.h */ = {isa = PBXFileReference; fileEncoding = 4; lastKnownFileType = sourcecode.c.h; name = HistoriesTableViewController.h; path = "2048 Friends/HistoriesTableViewController.h"; sourceTree = SOURCE_ROOT; };
		04A5EE3D19215E450097E086 /* HistoriesTableViewController.m */ = {isa = PBXFileReference; fileEncoding = 4; lastKnownFileType = sourcecode.c.objc; name = HistoriesTableViewController.m; path = "2048 Friends/HistoriesTableViewController.m"; sourceTree = SOURCE_ROOT; };
		04A8EA3C19104BCE00E6AC55 /* 2048 Friends.entitlements */ = {isa = PBXFileReference; fileEncoding = 4; lastKnownFileType = text.xml; name = "2048 Friends.entitlements"; path = "2048 Friends/2048 Friends.entitlements"; sourceTree = SOURCE_ROOT; };
		04A8EA3F19104C0000E6AC55 /* Base */ = {isa = PBXFileReference; lastKnownFileType = file.storyboard; name = Base; path = "2048 Friends/Base.lproj/Main_iPhone.storyboard"; sourceTree = SOURCE_ROOT; };
		04A8EA4219104C2400E6AC55 /* Base */ = {isa = PBXFileReference; lastKnownFileType = file.storyboard; name = Base; path = "2048 Friends/Base.lproj/Main_iPad.storyboard"; sourceTree = SOURCE_ROOT; };
		04A8EA4419104C3200E6AC55 /* Images.xcassets */ = {isa = PBXFileReference; lastKnownFileType = folder.assetcatalog; name = Images.xcassets; path = "2048 Friends/Images.xcassets"; sourceTree = SOURCE_ROOT; };
		04A8EA4619104C4D00E6AC55 /* Theme.h */ = {isa = PBXFileReference; fileEncoding = 4; lastKnownFileType = sourcecode.c.h; name = Theme.h; path = "2048 Friends/Theme.h"; sourceTree = SOURCE_ROOT; };
		04A8EA4719104C4D00E6AC55 /* Theme.m */ = {isa = PBXFileReference; fileEncoding = 4; lastKnownFileType = sourcecode.c.objc; name = Theme.m; path = "2048 Friends/Theme.m"; sourceTree = SOURCE_ROOT; };
		04A8EA4919104C6100E6AC55 /* LoginViewController.h */ = {isa = PBXFileReference; fileEncoding = 4; lastKnownFileType = sourcecode.c.h; name = LoginViewController.h; path = "2048 Friends/LoginViewController.h"; sourceTree = SOURCE_ROOT; };
		04A8EA4A19104C6100E6AC55 /* LoginViewController.m */ = {isa = PBXFileReference; fileEncoding = 4; lastKnownFileType = sourcecode.c.objc; name = LoginViewController.m; path = "2048 Friends/LoginViewController.m"; sourceTree = SOURCE_ROOT; };
		04A8EA4C19104C7600E6AC55 /* GameViewController.h */ = {isa = PBXFileReference; fileEncoding = 4; lastKnownFileType = sourcecode.c.h; name = GameViewController.h; path = "2048 Friends/GameViewController.h"; sourceTree = SOURCE_ROOT; };
		04A8EA4D19104C7600E6AC55 /* GameViewController.m */ = {isa = PBXFileReference; fileEncoding = 4; lastKnownFileType = sourcecode.c.objc; name = GameViewController.m; path = "2048 Friends/GameViewController.m"; sourceTree = SOURCE_ROOT; };
		04A8EA4F19104C9400E6AC55 /* MenuTableViewController.h */ = {isa = PBXFileReference; fileEncoding = 4; lastKnownFileType = sourcecode.c.h; name = MenuTableViewController.h; path = "2048 Friends/MenuTableViewController.h"; sourceTree = SOURCE_ROOT; };
		04A8EA5019104C9400E6AC55 /* MenuTableViewController.m */ = {isa = PBXFileReference; fileEncoding = 4; lastKnownFileType = sourcecode.c.objc; name = MenuTableViewController.m; path = "2048 Friends/MenuTableViewController.m"; sourceTree = SOURCE_ROOT; };
		04A8EA5219104CA000E6AC55 /* MenuTableViewControllerTransitionAnimator.h */ = {isa = PBXFileReference; fileEncoding = 4; lastKnownFileType = sourcecode.c.h; name = MenuTableViewControllerTransitionAnimator.h; path = "2048 Friends/MenuTableViewControllerTransitionAnimator.h"; sourceTree = SOURCE_ROOT; };
		04A8EA5319104CA000E6AC55 /* MenuTableViewControllerTransitionAnimator.m */ = {isa = PBXFileReference; fileEncoding = 4; lastKnownFileType = sourcecode.c.objc; name = MenuTableViewControllerTransitionAnimator.m; path = "2048 Friends/MenuTableViewControllerTransitionAnimator.m"; sourceTree = SOURCE_ROOT; };
		04A8EA5519104CAD00E6AC55 /* BoardScene.h */ = {isa = PBXFileReference; fileEncoding = 4; lastKnownFileType = sourcecode.c.h; name = BoardScene.h; path = "2048 Friends/BoardScene.h"; sourceTree = SOURCE_ROOT; };
		04A8EA5619104CAD00E6AC55 /* BoardScene.m */ = {isa = PBXFileReference; fileEncoding = 4; lastKnownFileType = sourcecode.c.objc; name = BoardScene.m; path = "2048 Friends/BoardScene.m"; sourceTree = SOURCE_ROOT; };
		04A8EA5819104CBB00E6AC55 /* TileSKShapeNode.h */ = {isa = PBXFileReference; fileEncoding = 4; lastKnownFileType = sourcecode.c.h; name = TileSKShapeNode.h; path = "2048 Friends/TileSKShapeNode.h"; sourceTree = SOURCE_ROOT; };
		04A8EA5919104CBB00E6AC55 /* TileSKShapeNode.m */ = {isa = PBXFileReference; fileEncoding = 4; lastKnownFileType = sourcecode.c.objc; name = TileSKShapeNode.m; path = "2048 Friends/TileSKShapeNode.m"; sourceTree = SOURCE_ROOT; };
		04A8EA5B19104CCE00E6AC55 /* BoardViewController.h */ = {isa = PBXFileReference; fileEncoding = 4; lastKnownFileType = sourcecode.c.h; name = BoardViewController.h; path = "2048 Friends/BoardViewController.h"; sourceTree = SOURCE_ROOT; };
		04A8EA5C19104CCE00E6AC55 /* BoardViewController.m */ = {isa = PBXFileReference; fileEncoding = 4; lastKnownFileType = sourcecode.c.objc; name = BoardViewController.m; path = "2048 Friends/BoardViewController.m"; sourceTree = SOURCE_ROOT; };
		04A8EA6119104CE300E6AC55 /* UIImage+ImageEffects.h */ = {isa = PBXFileReference; fileEncoding = 4; lastKnownFileType = sourcecode.c.h; name = "UIImage+ImageEffects.h"; path = "2048 Friends/UIImage+ImageEffects.h"; sourceTree = SOURCE_ROOT; };
		04A8EA6219104CE300E6AC55 /* UIImage+ImageEffects.m */ = {isa = PBXFileReference; fileEncoding = 4; lastKnownFileType = sourcecode.c.objc; name = "UIImage+ImageEffects.m"; path = "2048 Friends/UIImage+ImageEffects.m"; sourceTree = SOURCE_ROOT; };
		04A8EA6419104D0B00E6AC55 /* 2048 Friends-Info.plist */ = {isa = PBXFileReference; fileEncoding = 4; lastKnownFileType = text.plist.xml; name = "2048 Friends-Info.plist"; path = "2048 Friends/2048 Friends-Info.plist"; sourceTree = SOURCE_ROOT; };
		04A8EA6619104D1C00E6AC55 /* main.m */ = {isa = PBXFileReference; fileEncoding = 4; lastKnownFileType = sourcecode.c.objc; name = main.m; path = "2048 Friends/main.m"; sourceTree = SOURCE_ROOT; };
		04A8EA6819104D2C00E6AC55 /* 2048 Friends-Prefix.pch */ = {isa = PBXFileReference; lastKnownFileType = sourcecode.c.h; name = "2048 Friends-Prefix.pch"; path = "2048 Friends/2048 Friends-Prefix.pch"; sourceTree = SOURCE_ROOT; };
		04A8EA7719104D9B00E6AC55 /* 2048 FriendsTests-Info.plist */ = {isa = PBXFileReference; fileEncoding = 4; lastKnownFileType = text.plist.xml; name = "2048 FriendsTests-Info.plist"; path = "2048 FriendsTests/2048 FriendsTests-Info.plist"; sourceTree = SOURCE_ROOT; };
		04A8EA7919104E1700E6AC55 /* macro.h */ = {isa = PBXFileReference; fileEncoding = 4; lastKnownFileType = sourcecode.c.h; name = macro.h; path = "2048 Friends/macro.h"; sourceTree = SOURCE_ROOT; };
		04A8EA7A19104E3200E6AC55 /* TileView.h */ = {isa = PBXFileReference; fileEncoding = 4; lastKnownFileType = sourcecode.c.h; name = TileView.h; path = "2048 Friends/TileView.h"; sourceTree = SOURCE_ROOT; };
		04A8EA7B19104E3200E6AC55 /* TileView.m */ = {isa = PBXFileReference; fileEncoding = 4; lastKnownFileType = sourcecode.c.objc; name = TileView.m; path = "2048 Friends/TileView.m"; sourceTree = SOURCE_ROOT; };
		04A8EA7D19104E4200E6AC55 /* AppDelegate.h */ = {isa = PBXFileReference; fileEncoding = 4; lastKnownFileType = sourcecode.c.h; name = AppDelegate.h; path = "2048 Friends/AppDelegate.h"; sourceTree = SOURCE_ROOT; };
		04A8EA7E19104E4200E6AC55 /* AppDelegate.m */ = {isa = PBXFileReference; fileEncoding = 4; lastKnownFileType = sourcecode.c.objc; name = AppDelegate.m; path = "2048 Friends/AppDelegate.m"; sourceTree = SOURCE_ROOT; };
		04A8EA8019104E5E00E6AC55 /* Tile+ModelLayer03.h */ = {isa = PBXFileReference; fileEncoding = 4; lastKnownFileType = sourcecode.c.h; name = "Tile+ModelLayer03.h"; path = "2048 Friends/Tile+ModelLayer03.h"; sourceTree = SOURCE_ROOT; };
		04A8EA8119104E5E00E6AC55 /* Tile+ModelLayer03.m */ = {isa = PBXFileReference; fileEncoding = 4; lastKnownFileType = sourcecode.c.objc; name = "Tile+ModelLayer03.m"; path = "2048 Friends/Tile+ModelLayer03.m"; sourceTree = SOURCE_ROOT; };
		04A8EA8319104E7A00E6AC55 /* Tile+ModelLayer02.h */ = {isa = PBXFileReference; fileEncoding = 4; lastKnownFileType = sourcecode.c.h; name = "Tile+ModelLayer02.h"; path = "2048 Friends/Tile+ModelLayer02.h"; sourceTree = SOURCE_ROOT; };
		04A8EA8419104E7A00E6AC55 /* Tile+ModelLayer02.m */ = {isa = PBXFileReference; fileEncoding = 4; lastKnownFileType = sourcecode.c.objc; name = "Tile+ModelLayer02.m"; path = "2048 Friends/Tile+ModelLayer02.m"; sourceTree = SOURCE_ROOT; };
		04A8EA8619104E8500E6AC55 /* Tile+ModelLayer01.h */ = {isa = PBXFileReference; fileEncoding = 4; lastKnownFileType = sourcecode.c.h; name = "Tile+ModelLayer01.h"; path = "2048 Friends/Tile+ModelLayer01.h"; sourceTree = SOURCE_ROOT; };
		04A8EA8719104E8500E6AC55 /* Tile+ModelLayer01.m */ = {isa = PBXFileReference; fileEncoding = 4; lastKnownFileType = sourcecode.c.objc; name = "Tile+ModelLayer01.m"; path = "2048 Friends/Tile+ModelLayer01.m"; sourceTree = SOURCE_ROOT; };
		04A8EA8919104E9D00E6AC55 /* Board+ModelLayer03.h */ = {isa = PBXFileReference; fileEncoding = 4; lastKnownFileType = sourcecode.c.h; name = "Board+ModelLayer03.h"; path = "2048 Friends/Board+ModelLayer03.h"; sourceTree = SOURCE_ROOT; };
		04A8EA8A19104E9D00E6AC55 /* Board+ModelLayer03.m */ = {isa = PBXFileReference; fileEncoding = 4; lastKnownFileType = sourcecode.c.objc; name = "Board+ModelLayer03.m"; path = "2048 Friends/Board+ModelLayer03.m"; sourceTree = SOURCE_ROOT; };
		04A8EA8C19104EC900E6AC55 /* Tile.h */ = {isa = PBXFileReference; fileEncoding = 4; lastKnownFileType = sourcecode.c.h; name = Tile.h; path = "2048 Friends/Tile.h"; sourceTree = SOURCE_ROOT; };
		04A8EA8D19104EC900E6AC55 /* Tile.m */ = {isa = PBXFileReference; fileEncoding = 4; lastKnownFileType = sourcecode.c.objc; name = Tile.m; path = "2048 Friends/Tile.m"; sourceTree = SOURCE_ROOT; };
		04A8EA8F19104EE300E6AC55 /* Board+ModelLayer02.h */ = {isa = PBXFileReference; fileEncoding = 4; lastKnownFileType = sourcecode.c.h; name = "Board+ModelLayer02.h"; path = "2048 Friends/Board+ModelLayer02.h"; sourceTree = SOURCE_ROOT; };
		04A8EA9019104EE300E6AC55 /* Board+ModelLayer02.m */ = {isa = PBXFileReference; fileEncoding = 4; lastKnownFileType = sourcecode.c.objc; name = "Board+ModelLayer02.m"; path = "2048 Friends/Board+ModelLayer02.m"; sourceTree = SOURCE_ROOT; };
		04A8EA9219104EF000E6AC55 /* Board+ModelLayer01.h */ = {isa = PBXFileReference; fileEncoding = 4; lastKnownFileType = sourcecode.c.h; name = "Board+ModelLayer01.h"; path = "2048 Friends/Board+ModelLayer01.h"; sourceTree = SOURCE_ROOT; };
		04A8EA9319104EF000E6AC55 /* Board+ModelLayer01.m */ = {isa = PBXFileReference; fileEncoding = 4; lastKnownFileType = sourcecode.c.objc; name = "Board+ModelLayer01.m"; path = "2048 Friends/Board+ModelLayer01.m"; sourceTree = SOURCE_ROOT; };
		04A8EA9519104EF800E6AC55 /* Board.h */ = {isa = PBXFileReference; fileEncoding = 4; lastKnownFileType = sourcecode.c.h; name = Board.h; path = "2048 Friends/Board.h"; sourceTree = SOURCE_ROOT; };
		04A8EA9619104EF800E6AC55 /* Board.m */ = {isa = PBXFileReference; fileEncoding = 4; lastKnownFileType = sourcecode.c.objc; name = Board.m; path = "2048 Friends/Board.m"; sourceTree = SOURCE_ROOT; };
		04A8EA9819104F1100E6AC55 /* History+ModelLayer03.h */ = {isa = PBXFileReference; fileEncoding = 4; lastKnownFileType = sourcecode.c.h; name = "History+ModelLayer03.h"; path = "2048 Friends/History+ModelLayer03.h"; sourceTree = SOURCE_ROOT; };
		04A8EA9919104F1100E6AC55 /* History+ModelLayer03.m */ = {isa = PBXFileReference; fileEncoding = 4; lastKnownFileType = sourcecode.c.objc; name = "History+ModelLayer03.m"; path = "2048 Friends/History+ModelLayer03.m"; sourceTree = SOURCE_ROOT; };
		04A8EA9B19104F1900E6AC55 /* History+ModelLayer02.h */ = {isa = PBXFileReference; fileEncoding = 4; lastKnownFileType = sourcecode.c.h; name = "History+ModelLayer02.h"; path = "2048 Friends/History+ModelLayer02.h"; sourceTree = SOURCE_ROOT; };
		04A8EA9C19104F1900E6AC55 /* History+ModelLayer02.m */ = {isa = PBXFileReference; fileEncoding = 4; lastKnownFileType = sourcecode.c.objc; name = "History+ModelLayer02.m"; path = "2048 Friends/History+ModelLayer02.m"; sourceTree = SOURCE_ROOT; };
		04A8EA9E19104F2000E6AC55 /* History+ModelLayer01.h */ = {isa = PBXFileReference; fileEncoding = 4; lastKnownFileType = sourcecode.c.h; name = "History+ModelLayer01.h"; path = "2048 Friends/History+ModelLayer01.h"; sourceTree = SOURCE_ROOT; };
		04A8EA9F19104F2000E6AC55 /* History+ModelLayer01.m */ = {isa = PBXFileReference; fileEncoding = 4; lastKnownFileType = sourcecode.c.objc; name = "History+ModelLayer01.m"; path = "2048 Friends/History+ModelLayer01.m"; sourceTree = SOURCE_ROOT; };
		04A8EAA119104F2B00E6AC55 /* History.h */ = {isa = PBXFileReference; fileEncoding = 4; lastKnownFileType = sourcecode.c.h; name = History.h; path = "2048 Friends/History.h"; sourceTree = SOURCE_ROOT; };
		04A8EAA219104F2B00E6AC55 /* History.m */ = {isa = PBXFileReference; fileEncoding = 4; lastKnownFileType = sourcecode.c.objc; name = History.m; path = "2048 Friends/History.m"; sourceTree = SOURCE_ROOT; };
		04A8EAA419104F4200E6AC55 /* GameManager+ModelLayer03.h */ = {isa = PBXFileReference; fileEncoding = 4; lastKnownFileType = sourcecode.c.h; name = "GameManager+ModelLayer03.h"; path = "2048 Friends/GameManager+ModelLayer03.h"; sourceTree = SOURCE_ROOT; };
		04A8EAA519104F4200E6AC55 /* GameManager+ModelLayer03.m */ = {isa = PBXFileReference; fileEncoding = 4; lastKnownFileType = sourcecode.c.objc; name = "GameManager+ModelLayer03.m"; path = "2048 Friends/GameManager+ModelLayer03.m"; sourceTree = SOURCE_ROOT; };
		04A8EAA719104F4E00E6AC55 /* GameManager+ModelLayer02.h */ = {isa = PBXFileReference; fileEncoding = 4; lastKnownFileType = sourcecode.c.h; name = "GameManager+ModelLayer02.h"; path = "2048 Friends/GameManager+ModelLayer02.h"; sourceTree = SOURCE_ROOT; };
		04A8EAA819104F4E00E6AC55 /* GameManager+ModelLayer02.m */ = {isa = PBXFileReference; fileEncoding = 4; lastKnownFileType = sourcecode.c.objc; name = "GameManager+ModelLayer02.m"; path = "2048 Friends/GameManager+ModelLayer02.m"; sourceTree = SOURCE_ROOT; };
		04A8EAAA19104F5300E6AC55 /* GameManager+ModelLayer01.h */ = {isa = PBXFileReference; fileEncoding = 4; lastKnownFileType = sourcecode.c.h; name = "GameManager+ModelLayer01.h"; path = "2048 Friends/GameManager+ModelLayer01.h"; sourceTree = SOURCE_ROOT; };
		04A8EAAB19104F5300E6AC55 /* GameManager+ModelLayer01.m */ = {isa = PBXFileReference; fileEncoding = 4; lastKnownFileType = sourcecode.c.objc; name = "GameManager+ModelLayer01.m"; path = "2048 Friends/GameManager+ModelLayer01.m"; sourceTree = SOURCE_ROOT; };
		04A8EAAD19104F6000E6AC55 /* GameManager.h */ = {isa = PBXFileReference; fileEncoding = 4; lastKnownFileType = sourcecode.c.h; name = GameManager.h; path = "2048 Friends/GameManager.h"; sourceTree = SOURCE_ROOT; };
		04A8EAAE19104F6000E6AC55 /* GameManager.m */ = {isa = PBXFileReference; fileEncoding = 4; lastKnownFileType = sourcecode.c.objc; name = GameManager.m; path = "2048 Friends/GameManager.m"; sourceTree = SOURCE_ROOT; };
		04A8EAB61910717000E6AC55 /* _048_Friends Tests.m */ = {isa = PBXFileReference; fileEncoding = 4; lastKnownFileType = sourcecode.c.objc; name = "_048_Friends Tests.m"; path = "2048 FriendsTests/_048_Friends Tests.m"; sourceTree = SOURCE_ROOT; };
		04A8EAB71910717000E6AC55 /* BoardSceneTests.m */ = {isa = PBXFileReference; fileEncoding = 4; lastKnownFileType = sourcecode.c.objc; name = BoardSceneTests.m; path = "2048 FriendsTests/BoardSceneTests.m"; sourceTree = SOURCE_ROOT; };
		04A8EAB81910717000E6AC55 /* BoardTest.m */ = {isa = PBXFileReference; fileEncoding = 4; lastKnownFileType = sourcecode.c.objc; name = BoardTest.m; path = "2048 FriendsTests/BoardTest.m"; sourceTree = SOURCE_ROOT; };
		04A8EAB91910717000E6AC55 /* FetchingImagesTest.m */ = {isa = PBXFileReference; fileEncoding = 4; lastKnownFileType = sourcecode.c.objc; name = FetchingImagesTest.m; path = "2048 FriendsTests/FetchingImagesTest.m"; sourceTree = SOURCE_ROOT; };
		04A8EABA1910717000E6AC55 /* GameManagerTest.m */ = {isa = PBXFileReference; fileEncoding = 4; lastKnownFileType = sourcecode.c.objc; name = GameManagerTest.m; path = "2048 FriendsTests/GameManagerTest.m"; sourceTree = SOURCE_ROOT; };
		04A8EABB1910717000E6AC55 /* HistoryTest.m */ = {isa = PBXFileReference; fileEncoding = 4; lastKnownFileType = sourcecode.c.objc; name = HistoryTest.m; path = "2048 FriendsTests/HistoryTest.m"; sourceTree = SOURCE_ROOT; };
		04A8EABC1910717000E6AC55 /* TileTest.m */ = {isa = PBXFileReference; fileEncoding = 4; lastKnownFileType = sourcecode.c.objc; name = TileTest.m; path = "2048 FriendsTests/TileTest.m"; sourceTree = SOURCE_ROOT; };
		04A8EAD0191076AA00E6AC55 /* FacebookSDK.framework */ = {isa = PBXFileReference; lastKnownFileType = wrapper.framework; path = FacebookSDK.framework; sourceTree = "<group>"; };
		04DA479D18F4DD4C00693AED /* iAd.framework */ = {isa = PBXFileReference; lastKnownFileType = wrapper.framework; name = iAd.framework; path = System/Library/Frameworks/iAd.framework; sourceTree = SDKROOT; };
/* End PBXFileReference section */

/* Begin PBXFrameworksBuildPhase section */
		0448478218EA1BA100D35B0F /* Frameworks */ = {
			isa = PBXFrameworksBuildPhase;
			buildActionMask = 2147483647;
			files = (
				040A3F3A190D5C8700BBF2ED /* ImageIO.framework in Frameworks */,
				045D202419035A5E0001701F /* SpriteKit.framework in Frameworks */,
				04DA479E18F4DD4C00693AED /* iAd.framework in Frameworks */,
				04983CCB18EE5FB90022FB63 /* CoreData.framework in Frameworks */,
				0448478B18EA1BA100D35B0F /* CoreGraphics.framework in Frameworks */,
				04A8EAD1191076AA00E6AC55 /* FacebookSDK.framework in Frameworks */,
				0448478D18EA1BA100D35B0F /* UIKit.framework in Frameworks */,
				0444F6E718EE3F7E005A0490 /* StoreKit.framework in Frameworks */,
				0448478918EA1BA100D35B0F /* Foundation.framework in Frameworks */,
				0444F6E418EE3F75005A0490 /* GameKit.framework in Frameworks */,
			);
			runOnlyForDeploymentPostprocessing = 0;
		};
		044847A618EA1BA100D35B0F /* Frameworks */ = {
			isa = PBXFrameworksBuildPhase;
			buildActionMask = 2147483647;
			files = (
				04A8EAC4191071C400E6AC55 /* XCTest.framework in Frameworks */,
				044847AD18EA1BA100D35B0F /* UIKit.framework in Frameworks */,
				044847AC18EA1BA100D35B0F /* Foundation.framework in Frameworks */,
			);
			runOnlyForDeploymentPostprocessing = 0;
		};
/* End PBXFrameworksBuildPhase section */

/* Begin PBXGroup section */
		0402B95B1904B2F800A27D57 /* SpriteKit */ = {
			isa = PBXGroup;
			children = (
				04A8EA5519104CAD00E6AC55 /* BoardScene.h */,
				04A8EA5619104CAD00E6AC55 /* BoardScene.m */,
				04A8EA5819104CBB00E6AC55 /* TileSKShapeNode.h */,
				04A8EA5919104CBB00E6AC55 /* TileSKShapeNode.m */,
			);
			name = SpriteKit;
			sourceTree = "<group>";
		};
		040F6E2218F21E87006D237B /* History_01 */ = {
			isa = PBXGroup;
			children = (
				04A8EA9E19104F2000E6AC55 /* History+ModelLayer01.h */,
				04A8EA9F19104F2000E6AC55 /* History+ModelLayer01.m */,
			);
			name = History_01;
			sourceTree = "<group>";
		};
		040F6E2318F21EAF006D237B /* Layer00 (Auto Generated NSManagedObject) */ = {
			isa = PBXGroup;
			children = (
				04A8EAB11910504E00E6AC55 /* GameDataBase.xcdatamodeld */,
				040F6E2418F21ECC006D237B /* Tile_00 */,
				040F6E2518F21ED2006D237B /* Board_00 */,
				040F6E2618F21EDE006D237B /* History_00 */,
				040F6E2718F21EE7006D237B /* GameManager */,
			);
			name = "Layer00 (Auto Generated NSManagedObject)";
			sourceTree = "<group>";
		};
		040F6E2418F21ECC006D237B /* Tile_00 */ = {
			isa = PBXGroup;
			children = (
				04A8EA8C19104EC900E6AC55 /* Tile.h */,
				04A8EA8D19104EC900E6AC55 /* Tile.m */,
			);
			name = Tile_00;
			sourceTree = "<group>";
		};
		040F6E2518F21ED2006D237B /* Board_00 */ = {
			isa = PBXGroup;
			children = (
				04A8EA9519104EF800E6AC55 /* Board.h */,
				04A8EA9619104EF800E6AC55 /* Board.m */,
			);
			name = Board_00;
			sourceTree = "<group>";
		};
		040F6E2618F21EDE006D237B /* History_00 */ = {
			isa = PBXGroup;
			children = (
				04A8EAA119104F2B00E6AC55 /* History.h */,
				04A8EAA219104F2B00E6AC55 /* History.m */,
			);
			name = History_00;
			sourceTree = "<group>";
		};
		040F6E2718F21EE7006D237B /* GameManager */ = {
			isa = PBXGroup;
			children = (
				04A8EAAD19104F6000E6AC55 /* GameManager.h */,
				04A8EAAE19104F6000E6AC55 /* GameManager.m */,
			);
			name = GameManager;
			sourceTree = "<group>";
		};
		040F6E3418F221F9006D237B /* History_02 */ = {
			isa = PBXGroup;
			children = (
				04A8EA9B19104F1900E6AC55 /* History+ModelLayer02.h */,
				04A8EA9C19104F1900E6AC55 /* History+ModelLayer02.m */,
			);
			name = History_02;
			sourceTree = "<group>";
		};
		040F6E3518F22206006D237B /* History_03 */ = {
			isa = PBXGroup;
			children = (
				04A8EA9819104F1100E6AC55 /* History+ModelLayer03.h */,
				04A8EA9919104F1100E6AC55 /* History+ModelLayer03.m */,
			);
			name = History_03;
			sourceTree = "<group>";
		};
		0437867C18ECF90D0034651C /* Layer01 (CoreData Foundation) */ = {
			isa = PBXGroup;
			children = (
				04A44ADB18EC8A58004D802A /* Tile_01 */,
				04A44ADC18EC8A5E004D802A /* Board_01 */,
				040F6E2218F21E87006D237B /* History_01 */,
				043786C518ECFF900034651C /* GameManager_01 */,
			);
			name = "Layer01 (CoreData Foundation)";
			sourceTree = "<group>";
		};
		043786C518ECFF900034651C /* GameManager_01 */ = {
			isa = PBXGroup;
			children = (
				04A8EAAA19104F5300E6AC55 /* GameManager+ModelLayer01.h */,
				04A8EAAB19104F5300E6AC55 /* GameManager+ModelLayer01.m */,
			);
			name = GameManager_01;
			sourceTree = "<group>";
		};
		043786C618ECFF970034651C /* Theme */ = {
			isa = PBXGroup;
			children = (
				04A8EA4619104C4D00E6AC55 /* Theme.h */,
				04A8EA4719104C4D00E6AC55 /* Theme.m */,
			);
			name = Theme;
			sourceTree = "<group>";
		};
		0448477C18EA1BA100D35B0F = {
			isa = PBXGroup;
			children = (
				0448478E18EA1BA100D35B0F /* 2048 FB */,
				044847B018EA1BA100D35B0F /* 2048 Ffriends Tests */,
				0448478718EA1BA100D35B0F /* Frameworks */,
				0448478618EA1BA100D35B0F /* Products */,
			);
			sourceTree = "<group>";
		};
		0448478618EA1BA100D35B0F /* Products */ = {
			isa = PBXGroup;
			children = (
				0448478518EA1BA100D35B0F /* 2048 Friends.app */,
				044847A918EA1BA100D35B0F /* 2048 FriendsTests.xctest */,
			);
			name = Products;
			sourceTree = "<group>";
		};
		0448478718EA1BA100D35B0F /* Frameworks */ = {
			isa = PBXGroup;
			children = (
				04A8EAD0191076AA00E6AC55 /* FacebookSDK.framework */,
				040A3F39190D5C8700BBF2ED /* ImageIO.framework */,
				040A3F37190D5C4A00BBF2ED /* CoreImage.framework */,
				045D202319035A5E0001701F /* SpriteKit.framework */,
				04DA479D18F4DD4C00693AED /* iAd.framework */,
				04983CCA18EE5FB90022FB63 /* CoreData.framework */,
				0444F6E618EE3F7E005A0490 /* StoreKit.framework */,
				0444F6E318EE3F75005A0490 /* GameKit.framework */,
				0448478818EA1BA100D35B0F /* Foundation.framework */,
				0448478A18EA1BA100D35B0F /* CoreGraphics.framework */,
				0448478C18EA1BA100D35B0F /* UIKit.framework */,
				044847AA18EA1BA100D35B0F /* XCTest.framework */,
			);
			name = Frameworks;
			sourceTree = "<group>";
		};
		0448478E18EA1BA100D35B0F /* 2048 FB */ = {
			isa = PBXGroup;
			children = (
				0499660C18ED1A3F00373E57 /* README.md */,
				04A8EA3C19104BCE00E6AC55 /* 2048 Friends.entitlements */,
				04A8EA3E19104C0000E6AC55 /* Main_iPhone.storyboard */,
				04A8EA4119104C2400E6AC55 /* Main_iPad.storyboard */,
				04A8EA4419104C3200E6AC55 /* Images.xcassets */,
				04A8EA7D19104E4200E6AC55 /* AppDelegate.h */,
				04A8EA7E19104E4200E6AC55 /* AppDelegate.m */,
				04983CD118EF628E0022FB63 /* GUI/UX */,
				04601EE818EB8C39007BAC8E /* Model */,
				04E3FD2518F4BF23004A0DB8 /* Third Party Frameworks */,
				0448478F18EA1BA100D35B0F /* Supporting Files */,
			);
			path = "2048 FB";
			sourceTree = "<group>";
		};
		0448478F18EA1BA100D35B0F /* Supporting Files */ = {
			isa = PBXGroup;
			children = (
				04A8EA6419104D0B00E6AC55 /* 2048 Friends-Info.plist */,
				04A8EA6619104D1C00E6AC55 /* main.m */,
				04A8EA6819104D2C00E6AC55 /* 2048 Friends-Prefix.pch */,
			);
			name = "Supporting Files";
			sourceTree = "<group>";
		};
		044847B018EA1BA100D35B0F /* 2048 Ffriends Tests */ = {
			isa = PBXGroup;
			children = (
				04A8EAB61910717000E6AC55 /* _048_Friends Tests.m */,
				04A8EAB71910717000E6AC55 /* BoardSceneTests.m */,
				04A8EAB81910717000E6AC55 /* BoardTest.m */,
				04A8EAB91910717000E6AC55 /* FetchingImagesTest.m */,
				04A8EABA1910717000E6AC55 /* GameManagerTest.m */,
				04A8EABB1910717000E6AC55 /* HistoryTest.m */,
				04A8EABC1910717000E6AC55 /* TileTest.m */,
				044847B118EA1BA100D35B0F /* Supporting Files */,
			);
			name = "2048 Ffriends Tests";
			path = "2048 FBTests";
			sourceTree = "<group>";
		};
		044847B118EA1BA100D35B0F /* Supporting Files */ = {
			isa = PBXGroup;
			children = (
				04A8EA7719104D9B00E6AC55 /* 2048 FriendsTests-Info.plist */,
			);
			name = "Supporting Files";
			sourceTree = "<group>";
		};
		0459A30219048E260040FC33 /* Depricated */ = {
			isa = PBXGroup;
			children = (
				04A8EA5B19104CCE00E6AC55 /* BoardViewController.h */,
				04A8EA5C19104CCE00E6AC55 /* BoardViewController.m */,
				04A8EA7A19104E3200E6AC55 /* TileView.h */,
				04A8EA7B19104E3200E6AC55 /* TileView.m */,
			);
			name = Depricated;
			sourceTree = "<group>";
		};
		04601EE818EB8C39007BAC8E /* Model */ = {
			isa = PBXGroup;
			children = (
				04A8EA7919104E1700E6AC55 /* macro.h */,
				04983CDC18EFAA400022FB63 /* Layer03 (End User APIs, automatically save context and iCloud) */,
				04911A9C18EE04F500013B8E /* Layer02 (Simplified Object Management) */,
				0437867C18ECF90D0034651C /* Layer01 (CoreData Foundation) */,
				040F6E2318F21EAF006D237B /* Layer00 (Auto Generated NSManagedObject) */,
			);
			name = Model;
			sourceTree = "<group>";
		};
		048FD06218EA5A020068C6CE /* View Controller */ = {
			isa = PBXGroup;
			children = (
				04A8EA4919104C6100E6AC55 /* LoginViewController.h */,
				04A8EA4A19104C6100E6AC55 /* LoginViewController.m */,
				04A8EA4C19104C7600E6AC55 /* GameViewController.h */,
				04A8EA4D19104C7600E6AC55 /* GameViewController.m */,
				04A8EA4F19104C9400E6AC55 /* MenuTableViewController.h */,
				04A8EA5019104C9400E6AC55 /* MenuTableViewController.m */,
				04A5EE3C19215E450097E086 /* HistoriesTableViewController.h */,
				04A5EE3D19215E450097E086 /* HistoriesTableViewController.m */,
				04E3FD2118F4BC6C004A0DB8 /* Delegate */,
				0402B95B1904B2F800A27D57 /* SpriteKit */,
			);
			name = "View Controller";
			sourceTree = "<group>";
		};
		04911A9C18EE04F500013B8E /* Layer02 (Simplified Object Management) */ = {
			isa = PBXGroup;
			children = (
				04983CCC18EF5E090022FB63 /* Tile_02 */,
				04983CD018EF5E360022FB63 /* Board_02 */,
				040F6E3418F221F9006D237B /* History_02 */,
				04983CD518EF6FB40022FB63 /* GameManager_02 */,
			);
			name = "Layer02 (Simplified Object Management)";
			sourceTree = "<group>";
		};
		04983CCC18EF5E090022FB63 /* Tile_02 */ = {
			isa = PBXGroup;
			children = (
				04A8EA8319104E7A00E6AC55 /* Tile+ModelLayer02.h */,
				04A8EA8419104E7A00E6AC55 /* Tile+ModelLayer02.m */,
			);
			name = Tile_02;
			sourceTree = "<group>";
		};
		04983CD018EF5E360022FB63 /* Board_02 */ = {
			isa = PBXGroup;
			children = (
				04A8EA8F19104EE300E6AC55 /* Board+ModelLayer02.h */,
				04A8EA9019104EE300E6AC55 /* Board+ModelLayer02.m */,
			);
			name = Board_02;
			sourceTree = "<group>";
		};
		04983CD118EF628E0022FB63 /* GUI/UX */ = {
			isa = PBXGroup;
			children = (
				043786C618ECFF970034651C /* Theme */,
				048FD06218EA5A020068C6CE /* View Controller */,
				0459A30219048E260040FC33 /* Depricated */,
			);
			name = GUI/UX;
			sourceTree = "<group>";
		};
		04983CD518EF6FB40022FB63 /* GameManager_02 */ = {
			isa = PBXGroup;
			children = (
				04A8EAA719104F4E00E6AC55 /* GameManager+ModelLayer02.h */,
				04A8EAA819104F4E00E6AC55 /* GameManager+ModelLayer02.m */,
			);
			name = GameManager_02;
			sourceTree = "<group>";
		};
		04983CDC18EFAA400022FB63 /* Layer03 (End User APIs, automatically save context and iCloud) */ = {
			isa = PBXGroup;
			children = (
				04983CDD18EFAA630022FB63 /* Tile_03 */,
				04983CDE18EFAA690022FB63 /* Board_03 */,
				040F6E3518F22206006D237B /* History_03 */,
				04983CDF18EFAA740022FB63 /* GameManager_03 */,
			);
			name = "Layer03 (End User APIs, automatically save context and iCloud)";
			sourceTree = "<group>";
		};
		04983CDD18EFAA630022FB63 /* Tile_03 */ = {
			isa = PBXGroup;
			children = (
				04A8EA8019104E5E00E6AC55 /* Tile+ModelLayer03.h */,
				04A8EA8119104E5E00E6AC55 /* Tile+ModelLayer03.m */,
			);
			name = Tile_03;
			sourceTree = "<group>";
		};
		04983CDE18EFAA690022FB63 /* Board_03 */ = {
			isa = PBXGroup;
			children = (
				04A8EA8919104E9D00E6AC55 /* Board+ModelLayer03.h */,
				04A8EA8A19104E9D00E6AC55 /* Board+ModelLayer03.m */,
			);
			name = Board_03;
			sourceTree = "<group>";
		};
		04983CDF18EFAA740022FB63 /* GameManager_03 */ = {
			isa = PBXGroup;
			children = (
				04A8EAA419104F4200E6AC55 /* GameManager+ModelLayer03.h */,
				04A8EAA519104F4200E6AC55 /* GameManager+ModelLayer03.m */,
			);
			name = GameManager_03;
			sourceTree = "<group>";
		};
		04A44ADB18EC8A58004D802A /* Tile_01 */ = {
			isa = PBXGroup;
			children = (
				04A8EA8619104E8500E6AC55 /* Tile+ModelLayer01.h */,
				04A8EA8719104E8500E6AC55 /* Tile+ModelLayer01.m */,
			);
			name = Tile_01;
			sourceTree = "<group>";
		};
		04A44ADC18EC8A5E004D802A /* Board_01 */ = {
			isa = PBXGroup;
			children = (
				04A8EA9219104EF000E6AC55 /* Board+ModelLayer01.h */,
				04A8EA9319104EF000E6AC55 /* Board+ModelLayer01.m */,
			);
			name = Board_01;
			sourceTree = "<group>";
		};
		04E3FD2118F4BC6C004A0DB8 /* Delegate */ = {
			isa = PBXGroup;
			children = (
				04A8EA5219104CA000E6AC55 /* MenuTableViewControllerTransitionAnimator.h */,
				04A8EA5319104CA000E6AC55 /* MenuTableViewControllerTransitionAnimator.m */,
			);
			name = Delegate;
			sourceTree = "<group>";
		};
		04E3FD2518F4BF23004A0DB8 /* Third Party Frameworks */ = {
			isa = PBXGroup;
			children = (
				04E3FD2618F4BF44004A0DB8 /* Image Blur Effect */,
			);
			name = "Third Party Frameworks";
			sourceTree = "<group>";
		};
		04E3FD2618F4BF44004A0DB8 /* Image Blur Effect */ = {
			isa = PBXGroup;
			children = (
				04A8EA6119104CE300E6AC55 /* UIImage+ImageEffects.h */,
				04A8EA6219104CE300E6AC55 /* UIImage+ImageEffects.m */,
			);
			name = "Image Blur Effect";
			sourceTree = "<group>";
		};
/* End PBXGroup section */

/* Begin PBXNativeTarget section */
		0448478418EA1BA100D35B0F /* 2048 Friends */ = {
			isa = PBXNativeTarget;
			buildConfigurationList = 044847BA18EA1BA100D35B0F /* Build configuration list for PBXNativeTarget "2048 Friends" */;
			buildPhases = (
				0448478118EA1BA100D35B0F /* Sources */,
				0448478318EA1BA100D35B0F /* Resources */,
				0448478218EA1BA100D35B0F /* Frameworks */,
			);
			buildRules = (
			);
			dependencies = (
			);
			name = "2048 Friends";
			productName = "2048 FB";
			productReference = 0448478518EA1BA100D35B0F /* 2048 Friends.app */;
			productType = "com.apple.product-type.application";
		};
		044847A818EA1BA100D35B0F /* 2048 FriendsTests */ = {
			isa = PBXNativeTarget;
			buildConfigurationList = 044847BD18EA1BA100D35B0F /* Build configuration list for PBXNativeTarget "2048 FriendsTests" */;
			buildPhases = (
				044847A518EA1BA100D35B0F /* Sources */,
				044847A618EA1BA100D35B0F /* Frameworks */,
				044847A718EA1BA100D35B0F /* Resources */,
			);
			buildRules = (
			);
			dependencies = (
				044847AF18EA1BA100D35B0F /* PBXTargetDependency */,
			);
			name = "2048 FriendsTests";
			productName = "2048 FBTests";
			productReference = 044847A918EA1BA100D35B0F /* 2048 FriendsTests.xctest */;
			productType = "com.apple.product-type.bundle.unit-test";
		};
/* End PBXNativeTarget section */

/* Begin PBXProject section */
		0448477D18EA1BA100D35B0F /* Project object */ = {
			isa = PBXProject;
			attributes = {
				CLASSPREFIX = TFFB;
				LastUpgradeCheck = 0510;
				ORGANIZATIONNAME = "Shuyang Sun";
				TargetAttributes = {
					0448478418EA1BA100D35B0F = {
						DevelopmentTeam = 7Q6SA8R25D;
						SystemCapabilities = {
							com.apple.DataProtection = {
								enabled = 1;
							};
							com.apple.GameCenter = {
								enabled = 1;
							};
							com.apple.InAppPurchase = {
								enabled = 1;
							};
							com.apple.iCloud = {
								enabled = 1;
							};
						};
					};
					044847A818EA1BA100D35B0F = {
						TestTargetID = 0448478418EA1BA100D35B0F;
					};
				};
			};
			buildConfigurationList = 0448478018EA1BA100D35B0F /* Build configuration list for PBXProject "2048 Friends" */;
			compatibilityVersion = "Xcode 3.2";
			developmentRegion = English;
			hasScannedForEncodings = 0;
			knownRegions = (
				en,
				Base,
				he,
				"zh-Hans",
			);
			mainGroup = 0448477C18EA1BA100D35B0F;
			productRefGroup = 0448478618EA1BA100D35B0F /* Products */;
			projectDirPath = "";
			projectRoot = "";
			targets = (
				0448478418EA1BA100D35B0F /* 2048 Friends */,
				044847A818EA1BA100D35B0F /* 2048 FriendsTests */,
			);
		};
/* End PBXProject section */

/* Begin PBXResourcesBuildPhase section */
		0448478318EA1BA100D35B0F /* Resources */ = {
			isa = PBXResourcesBuildPhase;
			buildActionMask = 2147483647;
			files = (
				04A8EAB51910714600E6AC55 /* Main_iPad.storyboard in Resources */,
				04A8EAB41910714200E6AC55 /* Main_iPhone.storyboard in Resources */,
				04A8EA3D19104BCE00E6AC55 /* 2048 Friends.entitlements in Resources */,
				04A8EA4519104C3200E6AC55 /* Images.xcassets in Resources */,
				04A8EA7819104D9B00E6AC55 /* 2048 FriendsTests-Info.plist in Resources */,
				0499660D18ED1A3F00373E57 /* README.md in Resources */,
			);
			runOnlyForDeploymentPostprocessing = 0;
		};
		044847A718EA1BA100D35B0F /* Resources */ = {
			isa = PBXResourcesBuildPhase;
			buildActionMask = 2147483647;
			files = (
			);
			runOnlyForDeploymentPostprocessing = 0;
		};
/* End PBXResourcesBuildPhase section */

/* Begin PBXSourcesBuildPhase section */
		0448478118EA1BA100D35B0F /* Sources */ = {
			isa = PBXSourcesBuildPhase;
			buildActionMask = 2147483647;
			files = (
				04A8EACD191075C200E6AC55 /* GameDataBase.xcdatamodeld in Sources */,
				04A8EA4B19104C6100E6AC55 /* LoginViewController.m in Sources */,
				04A5EE3E19215E450097E086 /* HistoriesTableViewController.m in Sources */,
				04A8EA7C19104E3200E6AC55 /* TileView.m in Sources */,
				04A8EA9119104EE300E6AC55 /* Board+ModelLayer02.m in Sources */,
				04A8EA9419104EF000E6AC55 /* Board+ModelLayer01.m in Sources */,
				04A8EA5119104C9400E6AC55 /* MenuTableViewController.m in Sources */,
				04A8EA9A19104F1100E6AC55 /* History+ModelLayer03.m in Sources */,
				04A8EAA919104F4E00E6AC55 /* GameManager+ModelLayer02.m in Sources */,
				04A8EA5D19104CCE00E6AC55 /* BoardViewController.m in Sources */,
				04A8EA6719104D1C00E6AC55 /* main.m in Sources */,
				04A8EA8519104E7A00E6AC55 /* Tile+ModelLayer02.m in Sources */,
				04A8EAAF19104F6000E6AC55 /* GameManager.m in Sources */,
				04A8EA5A19104CBB00E6AC55 /* TileSKShapeNode.m in Sources */,
				04A8EA9D19104F1900E6AC55 /* History+ModelLayer02.m in Sources */,
				04A8EA8E19104EC900E6AC55 /* Tile.m in Sources */,
				04A8EA8B19104E9D00E6AC55 /* Board+ModelLayer03.m in Sources */,
				04A8EA7F19104E4200E6AC55 /* AppDelegate.m in Sources */,
				04A8EAA019104F2000E6AC55 /* History+ModelLayer01.m in Sources */,
				04A8EA9719104EF800E6AC55 /* Board.m in Sources */,
				04A8EA8819104E8500E6AC55 /* Tile+ModelLayer01.m in Sources */,
				04A8EAA319104F2B00E6AC55 /* History.m in Sources */,
				04A8EAA619104F4200E6AC55 /* GameManager+ModelLayer03.m in Sources */,
				04A8EAAC19104F5300E6AC55 /* GameManager+ModelLayer01.m in Sources */,
				04A8EA8219104E5E00E6AC55 /* Tile+ModelLayer03.m in Sources */,
				04A8EA4819104C4D00E6AC55 /* Theme.m in Sources */,
				04A8EA4E19104C7600E6AC55 /* GameViewController.m in Sources */,
				04A8EA5719104CAD00E6AC55 /* BoardScene.m in Sources */,
				04A8EA5419104CA000E6AC55 /* MenuTableViewControllerTransitionAnimator.m in Sources */,
				04A8EA6319104CE300E6AC55 /* UIImage+ImageEffects.m in Sources */,
			);
			runOnlyForDeploymentPostprocessing = 0;
		};
		044847A518EA1BA100D35B0F /* Sources */ = {
			isa = PBXSourcesBuildPhase;
			buildActionMask = 2147483647;
			files = (
				04A8EAC61910759000E6AC55 /* _048_Friends Tests.m in Sources */,
				04A8EAC71910759000E6AC55 /* BoardSceneTests.m in Sources */,
				04A8EAC81910759000E6AC55 /* BoardTest.m in Sources */,
				04A8EAC91910759000E6AC55 /* FetchingImagesTest.m in Sources */,
				04A8EACA1910759000E6AC55 /* GameManagerTest.m in Sources */,
				04A8EACB1910759000E6AC55 /* HistoryTest.m in Sources */,
				04A8EACC1910759000E6AC55 /* TileTest.m in Sources */,
			);
			runOnlyForDeploymentPostprocessing = 0;
		};
/* End PBXSourcesBuildPhase section */

/* Begin PBXTargetDependency section */
		044847AF18EA1BA100D35B0F /* PBXTargetDependency */ = {
			isa = PBXTargetDependency;
			target = 0448478418EA1BA100D35B0F /* 2048 Friends */;
			targetProxy = 044847AE18EA1BA100D35B0F /* PBXContainerItemProxy */;
		};
/* End PBXTargetDependency section */

/* Begin PBXVariantGroup section */
		04A8EA3E19104C0000E6AC55 /* Main_iPhone.storyboard */ = {
			isa = PBXVariantGroup;
			children = (
				04A8EA3F19104C0000E6AC55 /* Base */,
			);
			name = Main_iPhone.storyboard;
			sourceTree = "<group>";
		};
		04A8EA4119104C2400E6AC55 /* Main_iPad.storyboard */ = {
			isa = PBXVariantGroup;
			children = (
				04A8EA4219104C2400E6AC55 /* Base */,
			);
			name = Main_iPad.storyboard;
			sourceTree = "<group>";
		};
/* End PBXVariantGroup section */

/* Begin XCBuildConfiguration section */
		044847B818EA1BA100D35B0F /* Debug */ = {
			isa = XCBuildConfiguration;
			buildSettings = {
				ALWAYS_SEARCH_USER_PATHS = NO;
				CLANG_CXX_LANGUAGE_STANDARD = "gnu++0x";
				CLANG_CXX_LIBRARY = "libc++";
				CLANG_ENABLE_MODULES = YES;
				CLANG_ENABLE_OBJC_ARC = YES;
				CLANG_WARN_BOOL_CONVERSION = YES;
				CLANG_WARN_CONSTANT_CONVERSION = YES;
				CLANG_WARN_DIRECT_OBJC_ISA_USAGE = YES_ERROR;
				CLANG_WARN_EMPTY_BODY = YES;
				CLANG_WARN_ENUM_CONVERSION = YES;
				CLANG_WARN_INT_CONVERSION = YES;
				CLANG_WARN_OBJC_ROOT_CLASS = YES_ERROR;
				CLANG_WARN__DUPLICATE_METHOD_MATCH = YES;
				"CODE_SIGN_IDENTITY[sdk=iphoneos*]" = "iPhone Developer";
				COPY_PHASE_STRIP = NO;
				FRAMEWORK_SEARCH_PATHS = "";
				GCC_C_LANGUAGE_STANDARD = gnu99;
				GCC_DYNAMIC_NO_PIC = NO;
				GCC_OPTIMIZATION_LEVEL = 0;
				GCC_PREPROCESSOR_DEFINITIONS = (
					"DEBUG=1",
					"$(inherited)",
				);
				GCC_SYMBOLS_PRIVATE_EXTERN = NO;
				GCC_WARN_64_TO_32_BIT_CONVERSION = YES;
				GCC_WARN_ABOUT_RETURN_TYPE = YES_ERROR;
				GCC_WARN_UNDECLARED_SELECTOR = YES;
				GCC_WARN_UNINITIALIZED_AUTOS = YES_AGGRESSIVE;
				GCC_WARN_UNUSED_FUNCTION = YES;
				GCC_WARN_UNUSED_VARIABLE = YES;
				IPHONEOS_DEPLOYMENT_TARGET = 7.1;
				LIBRARY_SEARCH_PATHS = "";
				ONLY_ACTIVE_ARCH = YES;
				SDKROOT = iphoneos;
				TARGETED_DEVICE_FAMILY = "1,2";
				VALID_ARCHS = "arm64 armv7 armv7s armv6";
			};
			name = Debug;
		};
		044847B918EA1BA100D35B0F /* Release */ = {
			isa = XCBuildConfiguration;
			buildSettings = {
				ALWAYS_SEARCH_USER_PATHS = NO;
				CLANG_CXX_LANGUAGE_STANDARD = "gnu++0x";
				CLANG_CXX_LIBRARY = "libc++";
				CLANG_ENABLE_MODULES = YES;
				CLANG_ENABLE_OBJC_ARC = YES;
				CLANG_WARN_BOOL_CONVERSION = YES;
				CLANG_WARN_CONSTANT_CONVERSION = YES;
				CLANG_WARN_DIRECT_OBJC_ISA_USAGE = YES_ERROR;
				CLANG_WARN_EMPTY_BODY = YES;
				CLANG_WARN_ENUM_CONVERSION = YES;
				CLANG_WARN_INT_CONVERSION = YES;
				CLANG_WARN_OBJC_ROOT_CLASS = YES_ERROR;
				CLANG_WARN__DUPLICATE_METHOD_MATCH = YES;
				"CODE_SIGN_IDENTITY[sdk=iphoneos*]" = "iPhone Developer";
				COPY_PHASE_STRIP = YES;
				ENABLE_NS_ASSERTIONS = NO;
				FRAMEWORK_SEARCH_PATHS = "";
				GCC_C_LANGUAGE_STANDARD = gnu99;
				GCC_WARN_64_TO_32_BIT_CONVERSION = YES;
				GCC_WARN_ABOUT_RETURN_TYPE = YES_ERROR;
				GCC_WARN_UNDECLARED_SELECTOR = YES;
				GCC_WARN_UNINITIALIZED_AUTOS = YES_AGGRESSIVE;
				GCC_WARN_UNUSED_FUNCTION = YES;
				GCC_WARN_UNUSED_VARIABLE = YES;
				IPHONEOS_DEPLOYMENT_TARGET = 7.1;
				LIBRARY_SEARCH_PATHS = "";
				SDKROOT = iphoneos;
				TARGETED_DEVICE_FAMILY = "1,2";
				VALIDATE_PRODUCT = YES;
				VALID_ARCHS = "arm64 armv7 armv7s armv6";
			};
			name = Release;
		};
		044847BB18EA1BA100D35B0F /* Debug */ = {
			isa = XCBuildConfiguration;
			buildSettings = {
				ASSETCATALOG_COMPILER_APPICON_NAME = AppIcon;
				ASSETCATALOG_COMPILER_LAUNCHIMAGE_NAME = LaunchImage;
				CODE_SIGN_ENTITLEMENTS = "2048 Friends/2048 Friends.entitlements";
				CODE_SIGN_IDENTITY = "iPhone Developer";
				"CODE_SIGN_IDENTITY[sdk=iphoneos*]" = "iPhone Developer";
				FRAMEWORK_SEARCH_PATHS = (
					"$(inherited)",
					"$(PROJECT_DIR)/FacebookSDK",
					"$(PROJECT_DIR)",
					"$(DEVELOPER_FRAMEWORKS_DIR)",
				);
				GCC_PRECOMPILE_PREFIX_HEADER = YES;
				GCC_PREFIX_HEADER = "2048 Friends/2048 Friends-Prefix.pch";
				INFOPLIST_FILE = "2048 Friends/2048 Friends-Info.plist";
				IPHONEOS_DEPLOYMENT_TARGET = 7.0;
				OTHER_LDFLAGS = "";
				PRODUCT_NAME = "2048 Friends";
				PROVISIONING_PROFILE = "";
				TARGETED_DEVICE_FAMILY = "1,2";
				WRAPPER_EXTENSION = app;
			};
			name = Debug;
		};
		044847BC18EA1BA100D35B0F /* Release */ = {
			isa = XCBuildConfiguration;
			buildSettings = {
				ASSETCATALOG_COMPILER_APPICON_NAME = AppIcon;
				ASSETCATALOG_COMPILER_LAUNCHIMAGE_NAME = LaunchImage;
				CODE_SIGN_ENTITLEMENTS = "2048 Friends/2048 Friends.entitlements";
				CODE_SIGN_IDENTITY = "iPhone Developer";
				"CODE_SIGN_IDENTITY[sdk=iphoneos*]" = "iPhone Developer";
				FRAMEWORK_SEARCH_PATHS = (
					"$(inherited)",
					"$(PROJECT_DIR)/FacebookSDK",
					"$(PROJECT_DIR)",
					"$(DEVELOPER_FRAMEWORKS_DIR)",
				);
				GCC_PRECOMPILE_PREFIX_HEADER = YES;
				GCC_PREFIX_HEADER = "2048 Friends/2048 Friends-Prefix.pch";
				INFOPLIST_FILE = "2048 Friends/2048 Friends-Info.plist";
				IPHONEOS_DEPLOYMENT_TARGET = 7.0;
				OTHER_LDFLAGS = "";
				PRODUCT_NAME = "2048 Friends";
				PROVISIONING_PROFILE = "";
				TARGETED_DEVICE_FAMILY = "1,2";
				WRAPPER_EXTENSION = app;
			};
			name = Release;
		};
		044847BE18EA1BA100D35B0F /* Debug */ = {
			isa = XCBuildConfiguration;
			buildSettings = {
				BUNDLE_LOADER = "$(BUILT_PRODUCTS_DIR)/2048 Friends.app/2048 Friends";
				FRAMEWORK_SEARCH_PATHS = (
					"$(SDKROOT)/Developer/Library/Frameworks",
					"$(inherited)",
					"$(DEVELOPER_FRAMEWORKS_DIR)",
					"$(PROJECT_DIR)/FacebookSDK",
				);
				GCC_PRECOMPILE_PREFIX_HEADER = YES;
				GCC_PREFIX_HEADER = "2048 Friends/2048 Friends-Prefix.pch";
				GCC_PREPROCESSOR_DEFINITIONS = (
					"DEBUG=1",
					"$(inherited)",
				);
				INFOPLIST_FILE = "2048 FriendsTests/2048 FriendsTests-Info.plist";
				LD_RUNPATH_SEARCH_PATHS = "";
				LIBRARY_SEARCH_PATHS = "";
				PRODUCT_NAME = "2048 FriendsTests";
				TEST_HOST = "$(BUNDLE_LOADER)";
				WRAPPER_EXTENSION = xctest;
			};
			name = Debug;
		};
		044847BF18EA1BA100D35B0F /* Release */ = {
			isa = XCBuildConfiguration;
			buildSettings = {
				BUNDLE_LOADER = "$(BUILT_PRODUCTS_DIR)/2048 Friends.app/2048 Friends";
				FRAMEWORK_SEARCH_PATHS = (
					"$(SDKROOT)/Developer/Library/Frameworks",
					"$(inherited)",
					"$(DEVELOPER_FRAMEWORKS_DIR)",
					"$(PROJECT_DIR)/FacebookSDK",
				);
				GCC_PRECOMPILE_PREFIX_HEADER = YES;
				GCC_PREFIX_HEADER = "2048 Friends/2048 Friends-Prefix.pch";
				INFOPLIST_FILE = "2048 FriendsTests/2048 FriendsTests-Info.plist";
				LD_RUNPATH_SEARCH_PATHS = "";
				LIBRARY_SEARCH_PATHS = "";
				PRODUCT_NAME = "2048 FriendsTests";
				TEST_HOST = "$(BUNDLE_LOADER)";
				WRAPPER_EXTENSION = xctest;
			};
			name = Release;
		};
/* End XCBuildConfiguration section */

/* Begin XCConfigurationList section */
		0448478018EA1BA100D35B0F /* Build configuration list for PBXProject "2048 Friends" */ = {
			isa = XCConfigurationList;
			buildConfigurations = (
				044847B818EA1BA100D35B0F /* Debug */,
				044847B918EA1BA100D35B0F /* Release */,
			);
			defaultConfigurationIsVisible = 0;
			defaultConfigurationName = Release;
		};
		044847BA18EA1BA100D35B0F /* Build configuration list for PBXNativeTarget "2048 Friends" */ = {
			isa = XCConfigurationList;
			buildConfigurations = (
				044847BB18EA1BA100D35B0F /* Debug */,
				044847BC18EA1BA100D35B0F /* Release */,
			);
			defaultConfigurationIsVisible = 0;
			defaultConfigurationName = Release;
		};
		044847BD18EA1BA100D35B0F /* Build configuration list for PBXNativeTarget "2048 FriendsTests" */ = {
			isa = XCConfigurationList;
			buildConfigurations = (
				044847BE18EA1BA100D35B0F /* Debug */,
				044847BF18EA1BA100D35B0F /* Release */,
			);
			defaultConfigurationIsVisible = 0;
			defaultConfigurationName = Release;
		};
/* End XCConfigurationList section */

/* Begin XCVersionGroup section */
		04A8EAB11910504E00E6AC55 /* GameDataBase.xcdatamodeld */ = {
			isa = XCVersionGroup;
			children = (
			);
			name = GameDataBase.xcdatamodeld;
			path = "../2048 Friends/GameDataBase.xcdatamodeld";
			sourceTree = "<group>";
			versionGroupType = wrapper.xcdatamodel;
		};
/* End XCVersionGroup section */
	};
	rootObject = 0448477D18EA1BA100D35B0F /* Project object */;
}
