// !$*UTF8*$!
{
	archiveVersion = 1;
	classes = {
	};
	objectVersion = 46;
	objects = {

/* Begin PBXBuildFile section */
		040F6E1E18F1EED9006D237B /* Board.m in Sources */ = {isa = PBXBuildFile; fileRef = 040F6E1D18F1EED9006D237B /* Board.m */; };
		040F6E2118F20CE6006D237B /* GameManager.m in Sources */ = {isa = PBXBuildFile; fileRef = 040F6E2018F20CE6006D237B /* GameManager.m */; };
		040F6E3018F21F79006D237B /* History.m in Sources */ = {isa = PBXBuildFile; fileRef = 040F6E2F18F21F79006D237B /* History.m */; };
		040F6E3318F21FA4006D237B /* History+ModelLayer01.m in Sources */ = {isa = PBXBuildFile; fileRef = 040F6E3218F21FA4006D237B /* History+ModelLayer01.m */; };
		040F6E3818F22225006D237B /* History+ModelLayer02.m in Sources */ = {isa = PBXBuildFile; fileRef = 040F6E3718F22225006D237B /* History+ModelLayer02.m */; };
		040F6E3B18F22230006D237B /* History+ModelLayer03.m in Sources */ = {isa = PBXBuildFile; fileRef = 040F6E3A18F22230006D237B /* History+ModelLayer03.m */; };
		042039CF18F34D9800D5AB19 /* Tile.m in Sources */ = {isa = PBXBuildFile; fileRef = 042039CE18F34D9800D5AB19 /* Tile.m */; };
		0428C73A18F37FCE00A1D7A4 /* GameManagerTest.m in Sources */ = {isa = PBXBuildFile; fileRef = 0428C73918F37FCE00A1D7A4 /* GameManagerTest.m */; };
		0428C73C18F3813600A1D7A4 /* HistoryTest.m in Sources */ = {isa = PBXBuildFile; fileRef = 0428C73B18F3813600A1D7A4 /* HistoryTest.m */; };
		0444F6E418EE3F75005A0490 /* GameKit.framework in Frameworks */ = {isa = PBXBuildFile; fileRef = 0444F6E318EE3F75005A0490 /* GameKit.framework */; };
		0444F6E718EE3F7E005A0490 /* StoreKit.framework in Frameworks */ = {isa = PBXBuildFile; fileRef = 0444F6E618EE3F7E005A0490 /* StoreKit.framework */; };
		0448478918EA1BA100D35B0F /* Foundation.framework in Frameworks */ = {isa = PBXBuildFile; fileRef = 0448478818EA1BA100D35B0F /* Foundation.framework */; };
		0448478B18EA1BA100D35B0F /* CoreGraphics.framework in Frameworks */ = {isa = PBXBuildFile; fileRef = 0448478A18EA1BA100D35B0F /* CoreGraphics.framework */; };
		0448478D18EA1BA100D35B0F /* UIKit.framework in Frameworks */ = {isa = PBXBuildFile; fileRef = 0448478C18EA1BA100D35B0F /* UIKit.framework */; };
		0448479318EA1BA100D35B0F /* InfoPlist.strings in Resources */ = {isa = PBXBuildFile; fileRef = 0448479118EA1BA100D35B0F /* InfoPlist.strings */; };
		0448479518EA1BA100D35B0F /* main.m in Sources */ = {isa = PBXBuildFile; fileRef = 0448479418EA1BA100D35B0F /* main.m */; };
		0448479918EA1BA100D35B0F /* AppDelegate.m in Sources */ = {isa = PBXBuildFile; fileRef = 0448479818EA1BA100D35B0F /* AppDelegate.m */; };
		0448479C18EA1BA100D35B0F /* Main_iPhone.storyboard in Resources */ = {isa = PBXBuildFile; fileRef = 0448479A18EA1BA100D35B0F /* Main_iPhone.storyboard */; };
		0448479F18EA1BA100D35B0F /* Main_iPad.storyboard in Resources */ = {isa = PBXBuildFile; fileRef = 0448479D18EA1BA100D35B0F /* Main_iPad.storyboard */; };
		044847A418EA1BA100D35B0F /* Images.xcassets in Resources */ = {isa = PBXBuildFile; fileRef = 044847A318EA1BA100D35B0F /* Images.xcassets */; };
		044847AB18EA1BA100D35B0F /* XCTest.framework in Frameworks */ = {isa = PBXBuildFile; fileRef = 044847AA18EA1BA100D35B0F /* XCTest.framework */; };
		044847AC18EA1BA100D35B0F /* Foundation.framework in Frameworks */ = {isa = PBXBuildFile; fileRef = 0448478818EA1BA100D35B0F /* Foundation.framework */; };
		044847AD18EA1BA100D35B0F /* UIKit.framework in Frameworks */ = {isa = PBXBuildFile; fileRef = 0448478C18EA1BA100D35B0F /* UIKit.framework */; };
		044847B518EA1BA100D35B0F /* InfoPlist.strings in Resources */ = {isa = PBXBuildFile; fileRef = 044847B318EA1BA100D35B0F /* InfoPlist.strings */; };
		044847B718EA1BA100D35B0F /* _048_FBTests.m in Sources */ = {isa = PBXBuildFile; fileRef = 044847B618EA1BA100D35B0F /* _048_FBTests.m */; };
		04601EE718EB8C33007BAC8E /* GameDataBase.xcdatamodeld in Sources */ = {isa = PBXBuildFile; fileRef = 04601EE518EB8C33007BAC8E /* GameDataBase.xcdatamodeld */; };
		04601F0F18EB9C32007BAC8E /* Board+ModelLayer01.m in Sources */ = {isa = PBXBuildFile; fileRef = 04601F0E18EB9C32007BAC8E /* Board+ModelLayer01.m */; };
		04601F1518EB9C5B007BAC8E /* Tile+ModelLayer01.m in Sources */ = {isa = PBXBuildFile; fileRef = 04601F1418EB9C5B007BAC8E /* Tile+ModelLayer01.m */; };
		048FD05E18EA587A0068C6CE /* FacebookSDK.framework in Frameworks */ = {isa = PBXBuildFile; fileRef = 048FD05D18EA587A0068C6CE /* FacebookSDK.framework */; };
		048FD06518EA5DFB0068C6CE /* ViewController.m in Sources */ = {isa = PBXBuildFile; fileRef = 048FD06418EA5DFB0068C6CE /* ViewController.m */; };
		049118AD18F07DE60021657D /* BoardTest.m in Sources */ = {isa = PBXBuildFile; fileRef = 049118AC18F07DE60021657D /* BoardTest.m */; };
		04911A9818ED964000013B8E /* GameManager+ModelLayer01.m in Sources */ = {isa = PBXBuildFile; fileRef = 04911A9718ED964000013B8E /* GameManager+ModelLayer01.m */; };
		04911A9F18EE053A00013B8E /* Tile+ModelLayer02.m in Sources */ = {isa = PBXBuildFile; fileRef = 04911A9E18EE053A00013B8E /* Tile+ModelLayer02.m */; };
		04983CCB18EE5FB90022FB63 /* CoreData.framework in Frameworks */ = {isa = PBXBuildFile; fileRef = 04983CCA18EE5FB90022FB63 /* CoreData.framework */; };
		04983CCF18EF5E320022FB63 /* Board+ModelLayer02.m in Sources */ = {isa = PBXBuildFile; fileRef = 04983CCE18EF5E320022FB63 /* Board+ModelLayer02.m */; };
		04983CD818EF70B50022FB63 /* GameManager+ModelLayer02.m in Sources */ = {isa = PBXBuildFile; fileRef = 04983CD718EF70B50022FB63 /* GameManager+ModelLayer02.m */; };
		04983CE218EFAA990022FB63 /* Tile+ModelLayer03.m in Sources */ = {isa = PBXBuildFile; fileRef = 04983CE118EFAA990022FB63 /* Tile+ModelLayer03.m */; };
		04983CE518EFAAB10022FB63 /* Board+ModelLayer03.m in Sources */ = {isa = PBXBuildFile; fileRef = 04983CE418EFAAB10022FB63 /* Board+ModelLayer03.m */; };
		04983CE818EFAACA0022FB63 /* GameManager+ModelLayer03.m in Sources */ = {isa = PBXBuildFile; fileRef = 04983CE718EFAACA0022FB63 /* GameManager+ModelLayer03.m */; };
		0499660D18ED1A3F00373E57 /* README.md in Resources */ = {isa = PBXBuildFile; fileRef = 0499660C18ED1A3F00373E57 /* README.md */; };
		04A7C38418F31A0C0017C640 /* TileTest.m in Sources */ = {isa = PBXBuildFile; fileRef = 04A7C38318F31A0C0017C640 /* TileTest.m */; };
		04C7042518ED0903001DBD60 /* Theme.m in Sources */ = {isa = PBXBuildFile; fileRef = 04C7042418ED0903001DBD60 /* Theme.m */; };
/* End PBXBuildFile section */

/* Begin PBXContainerItemProxy section */
		044847AE18EA1BA100D35B0F /* PBXContainerItemProxy */ = {
			isa = PBXContainerItemProxy;
			containerPortal = 0448477D18EA1BA100D35B0F /* Project object */;
			proxyType = 1;
			remoteGlobalIDString = 0448478418EA1BA100D35B0F;
			remoteInfo = "2048 FB";
		};
/* End PBXContainerItemProxy section */

/* Begin PBXFileReference section */
		040F6E1C18F1EED9006D237B /* Board.h */ = {isa = PBXFileReference; fileEncoding = 4; lastKnownFileType = sourcecode.c.h; path = Board.h; sourceTree = "<group>"; };
		040F6E1D18F1EED9006D237B /* Board.m */ = {isa = PBXFileReference; fileEncoding = 4; lastKnownFileType = sourcecode.c.objc; path = Board.m; sourceTree = "<group>"; };
		040F6E1F18F20CE6006D237B /* GameManager.h */ = {isa = PBXFileReference; fileEncoding = 4; lastKnownFileType = sourcecode.c.h; path = GameManager.h; sourceTree = "<group>"; };
		040F6E2018F20CE6006D237B /* GameManager.m */ = {isa = PBXFileReference; fileEncoding = 4; lastKnownFileType = sourcecode.c.objc; path = GameManager.m; sourceTree = "<group>"; };
		040F6E2E18F21F79006D237B /* History.h */ = {isa = PBXFileReference; fileEncoding = 4; lastKnownFileType = sourcecode.c.h; path = History.h; sourceTree = "<group>"; };
		040F6E2F18F21F79006D237B /* History.m */ = {isa = PBXFileReference; fileEncoding = 4; lastKnownFileType = sourcecode.c.objc; path = History.m; sourceTree = "<group>"; };
		040F6E3118F21FA4006D237B /* History+ModelLayer01.h */ = {isa = PBXFileReference; fileEncoding = 4; lastKnownFileType = sourcecode.c.h; path = "History+ModelLayer01.h"; sourceTree = "<group>"; };
		040F6E3218F21FA4006D237B /* History+ModelLayer01.m */ = {isa = PBXFileReference; fileEncoding = 4; lastKnownFileType = sourcecode.c.objc; path = "History+ModelLayer01.m"; sourceTree = "<group>"; };
		040F6E3618F22225006D237B /* History+ModelLayer02.h */ = {isa = PBXFileReference; fileEncoding = 4; lastKnownFileType = sourcecode.c.h; path = "History+ModelLayer02.h"; sourceTree = "<group>"; };
		040F6E3718F22225006D237B /* History+ModelLayer02.m */ = {isa = PBXFileReference; fileEncoding = 4; lastKnownFileType = sourcecode.c.objc; path = "History+ModelLayer02.m"; sourceTree = "<group>"; };
		040F6E3918F22230006D237B /* History+ModelLayer03.h */ = {isa = PBXFileReference; fileEncoding = 4; lastKnownFileType = sourcecode.c.h; path = "History+ModelLayer03.h"; sourceTree = "<group>"; };
		040F6E3A18F22230006D237B /* History+ModelLayer03.m */ = {isa = PBXFileReference; fileEncoding = 4; lastKnownFileType = sourcecode.c.objc; path = "History+ModelLayer03.m"; sourceTree = "<group>"; };
		042039CD18F34D9800D5AB19 /* Tile.h */ = {isa = PBXFileReference; fileEncoding = 4; lastKnownFileType = sourcecode.c.h; path = Tile.h; sourceTree = "<group>"; };
		042039CE18F34D9800D5AB19 /* Tile.m */ = {isa = PBXFileReference; fileEncoding = 4; lastKnownFileType = sourcecode.c.objc; path = Tile.m; sourceTree = "<group>"; };
		0428C73918F37FCE00A1D7A4 /* GameManagerTest.m */ = {isa = PBXFileReference; fileEncoding = 4; lastKnownFileType = sourcecode.c.objc; path = GameManagerTest.m; sourceTree = "<group>"; };
		0428C73B18F3813600A1D7A4 /* HistoryTest.m */ = {isa = PBXFileReference; fileEncoding = 4; lastKnownFileType = sourcecode.c.objc; path = HistoryTest.m; sourceTree = "<group>"; };
		0444F6E318EE3F75005A0490 /* GameKit.framework */ = {isa = PBXFileReference; lastKnownFileType = wrapper.framework; name = GameKit.framework; path = System/Library/Frameworks/GameKit.framework; sourceTree = SDKROOT; };
		0444F6E518EE3F7B005A0490 /* 2048 FB.entitlements */ = {isa = PBXFileReference; lastKnownFileType = text.xml; path = "2048 FB.entitlements"; sourceTree = "<group>"; };
		0444F6E618EE3F7E005A0490 /* StoreKit.framework */ = {isa = PBXFileReference; lastKnownFileType = wrapper.framework; name = StoreKit.framework; path = System/Library/Frameworks/StoreKit.framework; sourceTree = SDKROOT; };
		0448478518EA1BA100D35B0F /* 2048 FB.app */ = {isa = PBXFileReference; explicitFileType = wrapper.application; includeInIndex = 0; path = "2048 FB.app"; sourceTree = BUILT_PRODUCTS_DIR; };
		0448478818EA1BA100D35B0F /* Foundation.framework */ = {isa = PBXFileReference; lastKnownFileType = wrapper.framework; name = Foundation.framework; path = System/Library/Frameworks/Foundation.framework; sourceTree = SDKROOT; };
		0448478A18EA1BA100D35B0F /* CoreGraphics.framework */ = {isa = PBXFileReference; lastKnownFileType = wrapper.framework; name = CoreGraphics.framework; path = System/Library/Frameworks/CoreGraphics.framework; sourceTree = SDKROOT; };
		0448478C18EA1BA100D35B0F /* UIKit.framework */ = {isa = PBXFileReference; lastKnownFileType = wrapper.framework; name = UIKit.framework; path = System/Library/Frameworks/UIKit.framework; sourceTree = SDKROOT; };
		0448479018EA1BA100D35B0F /* 2048 FB-Info.plist */ = {isa = PBXFileReference; lastKnownFileType = text.plist.xml; path = "2048 FB-Info.plist"; sourceTree = "<group>"; };
		0448479218EA1BA100D35B0F /* en */ = {isa = PBXFileReference; lastKnownFileType = text.plist.strings; name = en; path = en.lproj/InfoPlist.strings; sourceTree = "<group>"; };
		0448479418EA1BA100D35B0F /* main.m */ = {isa = PBXFileReference; lastKnownFileType = sourcecode.c.objc; path = main.m; sourceTree = "<group>"; };
		0448479618EA1BA100D35B0F /* 2048 FB-Prefix.pch */ = {isa = PBXFileReference; lastKnownFileType = sourcecode.c.h; path = "2048 FB-Prefix.pch"; sourceTree = "<group>"; };
		0448479718EA1BA100D35B0F /* AppDelegate.h */ = {isa = PBXFileReference; lastKnownFileType = sourcecode.c.h; path = AppDelegate.h; sourceTree = "<group>"; };
		0448479818EA1BA100D35B0F /* AppDelegate.m */ = {isa = PBXFileReference; lastKnownFileType = sourcecode.c.objc; path = AppDelegate.m; sourceTree = "<group>"; };
		0448479B18EA1BA100D35B0F /* Base */ = {isa = PBXFileReference; lastKnownFileType = file.storyboard; name = Base; path = Base.lproj/Main_iPhone.storyboard; sourceTree = "<group>"; };
		0448479E18EA1BA100D35B0F /* Base */ = {isa = PBXFileReference; lastKnownFileType = file.storyboard; name = Base; path = Base.lproj/Main_iPad.storyboard; sourceTree = "<group>"; };
		044847A318EA1BA100D35B0F /* Images.xcassets */ = {isa = PBXFileReference; lastKnownFileType = folder.assetcatalog; path = Images.xcassets; sourceTree = "<group>"; };
		044847A918EA1BA100D35B0F /* 2048 FBTests.xctest */ = {isa = PBXFileReference; explicitFileType = wrapper.cfbundle; includeInIndex = 0; path = "2048 FBTests.xctest"; sourceTree = BUILT_PRODUCTS_DIR; };
		044847AA18EA1BA100D35B0F /* XCTest.framework */ = {isa = PBXFileReference; lastKnownFileType = wrapper.framework; name = XCTest.framework; path = Library/Frameworks/XCTest.framework; sourceTree = DEVELOPER_DIR; };
		044847B218EA1BA100D35B0F /* 2048 FBTests-Info.plist */ = {isa = PBXFileReference; lastKnownFileType = text.plist.xml; path = "2048 FBTests-Info.plist"; sourceTree = "<group>"; };
		044847B418EA1BA100D35B0F /* en */ = {isa = PBXFileReference; lastKnownFileType = text.plist.strings; name = en; path = en.lproj/InfoPlist.strings; sourceTree = "<group>"; };
		044847B618EA1BA100D35B0F /* _048_FBTests.m */ = {isa = PBXFileReference; lastKnownFileType = sourcecode.c.objc; path = _048_FBTests.m; sourceTree = "<group>"; };
		04601EE618EB8C33007BAC8E /* GameDataBase.xcdatamodel */ = {isa = PBXFileReference; lastKnownFileType = wrapper.xcdatamodel; path = GameDataBase.xcdatamodel; sourceTree = "<group>"; };
		04601F0D18EB9C32007BAC8E /* Board+ModelLayer01.h */ = {isa = PBXFileReference; fileEncoding = 4; lastKnownFileType = sourcecode.c.h; path = "Board+ModelLayer01.h"; sourceTree = "<group>"; };
		04601F0E18EB9C32007BAC8E /* Board+ModelLayer01.m */ = {isa = PBXFileReference; fileEncoding = 4; lastKnownFileType = sourcecode.c.objc; path = "Board+ModelLayer01.m"; sourceTree = "<group>"; };
		04601F1318EB9C5B007BAC8E /* Tile+ModelLayer01.h */ = {isa = PBXFileReference; fileEncoding = 4; lastKnownFileType = sourcecode.c.h; path = "Tile+ModelLayer01.h"; sourceTree = "<group>"; };
		04601F1418EB9C5B007BAC8E /* Tile+ModelLayer01.m */ = {isa = PBXFileReference; fileEncoding = 4; lastKnownFileType = sourcecode.c.objc; path = "Tile+ModelLayer01.m"; sourceTree = "<group>"; };
		048FD05D18EA587A0068C6CE /* FacebookSDK.framework */ = {isa = PBXFileReference; lastKnownFileType = wrapper.framework; path = FacebookSDK.framework; sourceTree = "<group>"; };
		048FD06318EA5DFB0068C6CE /* ViewController.h */ = {isa = PBXFileReference; fileEncoding = 4; lastKnownFileType = sourcecode.c.h; path = ViewController.h; sourceTree = "<group>"; };
		048FD06418EA5DFB0068C6CE /* ViewController.m */ = {isa = PBXFileReference; fileEncoding = 4; lastKnownFileType = sourcecode.c.objc; path = ViewController.m; sourceTree = "<group>"; };
		049118AC18F07DE60021657D /* BoardTest.m */ = {isa = PBXFileReference; fileEncoding = 4; lastKnownFileType = sourcecode.c.objc; path = BoardTest.m; sourceTree = "<group>"; };
		04911A9618ED964000013B8E /* GameManager+ModelLayer01.h */ = {isa = PBXFileReference; fileEncoding = 4; lastKnownFileType = sourcecode.c.h; path = "GameManager+ModelLayer01.h"; sourceTree = "<group>"; };
		04911A9718ED964000013B8E /* GameManager+ModelLayer01.m */ = {isa = PBXFileReference; fileEncoding = 4; lastKnownFileType = sourcecode.c.objc; path = "GameManager+ModelLayer01.m"; sourceTree = "<group>"; };
		04911A9D18EE053A00013B8E /* Tile+ModelLayer02.h */ = {isa = PBXFileReference; fileEncoding = 4; lastKnownFileType = sourcecode.c.h; path = "Tile+ModelLayer02.h"; sourceTree = "<group>"; };
		04911A9E18EE053A00013B8E /* Tile+ModelLayer02.m */ = {isa = PBXFileReference; fileEncoding = 4; lastKnownFileType = sourcecode.c.objc; path = "Tile+ModelLayer02.m"; sourceTree = "<group>"; };
		04983CCA18EE5FB90022FB63 /* CoreData.framework */ = {isa = PBXFileReference; lastKnownFileType = wrapper.framework; name = CoreData.framework; path = System/Library/Frameworks/CoreData.framework; sourceTree = SDKROOT; };
		04983CCD18EF5E320022FB63 /* Board+ModelLayer02.h */ = {isa = PBXFileReference; fileEncoding = 4; lastKnownFileType = sourcecode.c.h; path = "Board+ModelLayer02.h"; sourceTree = "<group>"; };
		04983CCE18EF5E320022FB63 /* Board+ModelLayer02.m */ = {isa = PBXFileReference; fileEncoding = 4; lastKnownFileType = sourcecode.c.objc; path = "Board+ModelLayer02.m"; sourceTree = "<group>"; };
		04983CD618EF70B50022FB63 /* GameManager+ModelLayer02.h */ = {isa = PBXFileReference; fileEncoding = 4; lastKnownFileType = sourcecode.c.h; path = "GameManager+ModelLayer02.h"; sourceTree = "<group>"; };
		04983CD718EF70B50022FB63 /* GameManager+ModelLayer02.m */ = {isa = PBXFileReference; fileEncoding = 4; lastKnownFileType = sourcecode.c.objc; path = "GameManager+ModelLayer02.m"; sourceTree = "<group>"; };
		04983CE018EFAA990022FB63 /* Tile+ModelLayer03.h */ = {isa = PBXFileReference; fileEncoding = 4; lastKnownFileType = sourcecode.c.h; path = "Tile+ModelLayer03.h"; sourceTree = "<group>"; };
		04983CE118EFAA990022FB63 /* Tile+ModelLayer03.m */ = {isa = PBXFileReference; fileEncoding = 4; lastKnownFileType = sourcecode.c.objc; path = "Tile+ModelLayer03.m"; sourceTree = "<group>"; };
		04983CE318EFAAB10022FB63 /* Board+ModelLayer03.h */ = {isa = PBXFileReference; fileEncoding = 4; lastKnownFileType = sourcecode.c.h; path = "Board+ModelLayer03.h"; sourceTree = "<group>"; };
		04983CE418EFAAB10022FB63 /* Board+ModelLayer03.m */ = {isa = PBXFileReference; fileEncoding = 4; lastKnownFileType = sourcecode.c.objc; path = "Board+ModelLayer03.m"; sourceTree = "<group>"; };
		04983CE618EFAACA0022FB63 /* GameManager+ModelLayer03.h */ = {isa = PBXFileReference; fileEncoding = 4; lastKnownFileType = sourcecode.c.h; path = "GameManager+ModelLayer03.h"; sourceTree = "<group>"; };
		04983CE718EFAACA0022FB63 /* GameManager+ModelLayer03.m */ = {isa = PBXFileReference; fileEncoding = 4; lastKnownFileType = sourcecode.c.objc; path = "GameManager+ModelLayer03.m"; sourceTree = "<group>"; };
		0499660C18ED1A3F00373E57 /* README.md */ = {isa = PBXFileReference; fileEncoding = 4; lastKnownFileType = text; path = README.md; sourceTree = SOURCE_ROOT; };
		0499660E18ED1BEF00373E57 /* macro.h */ = {isa = PBXFileReference; lastKnownFileType = sourcecode.c.h; path = macro.h; sourceTree = "<group>"; };
		04A7C38318F31A0C0017C640 /* TileTest.m */ = {isa = PBXFileReference; fileEncoding = 4; lastKnownFileType = sourcecode.c.objc; path = TileTest.m; sourceTree = "<group>"; };
		04C7042318ED0903001DBD60 /* Theme.h */ = {isa = PBXFileReference; fileEncoding = 4; lastKnownFileType = sourcecode.c.h; path = Theme.h; sourceTree = "<group>"; };
		04C7042418ED0903001DBD60 /* Theme.m */ = {isa = PBXFileReference; fileEncoding = 4; lastKnownFileType = sourcecode.c.objc; path = Theme.m; sourceTree = "<group>"; };
/* End PBXFileReference section */

/* Begin PBXFrameworksBuildPhase section */
		0448478218EA1BA100D35B0F /* Frameworks */ = {
			isa = PBXFrameworksBuildPhase;
			buildActionMask = 2147483647;
			files = (
				04983CCB18EE5FB90022FB63 /* CoreData.framework in Frameworks */,
				0448478B18EA1BA100D35B0F /* CoreGraphics.framework in Frameworks */,
				048FD05E18EA587A0068C6CE /* FacebookSDK.framework in Frameworks */,
				0448478D18EA1BA100D35B0F /* UIKit.framework in Frameworks */,
				0444F6E718EE3F7E005A0490 /* StoreKit.framework in Frameworks */,
				0448478918EA1BA100D35B0F /* Foundation.framework in Frameworks */,
				0444F6E418EE3F75005A0490 /* GameKit.framework in Frameworks */,
			);
			runOnlyForDeploymentPostprocessing = 0;
		};
		044847A618EA1BA100D35B0F /* Frameworks */ = {
			isa = PBXFrameworksBuildPhase;
			buildActionMask = 2147483647;
			files = (
				044847AB18EA1BA100D35B0F /* XCTest.framework in Frameworks */,
				044847AD18EA1BA100D35B0F /* UIKit.framework in Frameworks */,
				044847AC18EA1BA100D35B0F /* Foundation.framework in Frameworks */,
			);
			runOnlyForDeploymentPostprocessing = 0;
		};
/* End PBXFrameworksBuildPhase section */

/* Begin PBXGroup section */
		040F6E2218F21E87006D237B /* History_01 */ = {
			isa = PBXGroup;
			children = (
				040F6E3118F21FA4006D237B /* History+ModelLayer01.h */,
				040F6E3218F21FA4006D237B /* History+ModelLayer01.m */,
			);
			name = History_01;
			sourceTree = "<group>";
		};
		040F6E2318F21EAF006D237B /* Layer00 (Auto Generated NSManagedObject) */ = {
			isa = PBXGroup;
			children = (
				04601EE518EB8C33007BAC8E /* GameDataBase.xcdatamodeld */,
				040F6E2418F21ECC006D237B /* Tile_00 */,
				040F6E2518F21ED2006D237B /* Board_00 */,
				040F6E2618F21EDE006D237B /* History_00 */,
				040F6E2718F21EE7006D237B /* GameManager */,
			);
			name = "Layer00 (Auto Generated NSManagedObject)";
			sourceTree = "<group>";
		};
		040F6E2418F21ECC006D237B /* Tile_00 */ = {
			isa = PBXGroup;
			children = (
				042039CD18F34D9800D5AB19 /* Tile.h */,
				042039CE18F34D9800D5AB19 /* Tile.m */,
			);
			name = Tile_00;
			sourceTree = "<group>";
		};
		040F6E2518F21ED2006D237B /* Board_00 */ = {
			isa = PBXGroup;
			children = (
				040F6E1C18F1EED9006D237B /* Board.h */,
				040F6E1D18F1EED9006D237B /* Board.m */,
			);
			name = Board_00;
			sourceTree = "<group>";
		};
		040F6E2618F21EDE006D237B /* History_00 */ = {
			isa = PBXGroup;
			children = (
				040F6E2E18F21F79006D237B /* History.h */,
				040F6E2F18F21F79006D237B /* History.m */,
			);
			name = History_00;
			sourceTree = "<group>";
		};
		040F6E2718F21EE7006D237B /* GameManager */ = {
			isa = PBXGroup;
			children = (
				040F6E1F18F20CE6006D237B /* GameManager.h */,
				040F6E2018F20CE6006D237B /* GameManager.m */,
			);
			name = GameManager;
			sourceTree = "<group>";
		};
		040F6E3418F221F9006D237B /* History_02 */ = {
			isa = PBXGroup;
			children = (
				040F6E3618F22225006D237B /* History+ModelLayer02.h */,
				040F6E3718F22225006D237B /* History+ModelLayer02.m */,
			);
			name = History_02;
			sourceTree = "<group>";
		};
		040F6E3518F22206006D237B /* History_03 */ = {
			isa = PBXGroup;
			children = (
				040F6E3918F22230006D237B /* History+ModelLayer03.h */,
				040F6E3A18F22230006D237B /* History+ModelLayer03.m */,
			);
			name = History_03;
			sourceTree = "<group>";
		};
		0437867C18ECF90D0034651C /* Layer01 (CoreData Foundation) */ = {
			isa = PBXGroup;
			children = (
				04A44ADB18EC8A58004D802A /* Tile_01 */,
				04A44ADC18EC8A5E004D802A /* Board_01 */,
				040F6E2218F21E87006D237B /* History_01 */,
				043786C518ECFF900034651C /* GameManager_01 */,
			);
			name = "Layer01 (CoreData Foundation)";
			sourceTree = "<group>";
		};
		043786C518ECFF900034651C /* GameManager_01 */ = {
			isa = PBXGroup;
			children = (
				04911A9618ED964000013B8E /* GameManager+ModelLayer01.h */,
				04911A9718ED964000013B8E /* GameManager+ModelLayer01.m */,
			);
			name = GameManager_01;
			sourceTree = "<group>";
		};
		043786C618ECFF970034651C /* Theme */ = {
			isa = PBXGroup;
			children = (
				04C7042318ED0903001DBD60 /* Theme.h */,
				04C7042418ED0903001DBD60 /* Theme.m */,
			);
			name = Theme;
			sourceTree = "<group>";
		};
		0448477C18EA1BA100D35B0F = {
			isa = PBXGroup;
			children = (
				0448478E18EA1BA100D35B0F /* 2048 FB */,
				044847B018EA1BA100D35B0F /* 2048 FBTests */,
				0448478718EA1BA100D35B0F /* Frameworks */,
				0448478618EA1BA100D35B0F /* Products */,
			);
			sourceTree = "<group>";
		};
		0448478618EA1BA100D35B0F /* Products */ = {
			isa = PBXGroup;
			children = (
				0448478518EA1BA100D35B0F /* 2048 FB.app */,
				044847A918EA1BA100D35B0F /* 2048 FBTests.xctest */,
			);
			name = Products;
			sourceTree = "<group>";
		};
		0448478718EA1BA100D35B0F /* Frameworks */ = {
			isa = PBXGroup;
			children = (
				04983CCA18EE5FB90022FB63 /* CoreData.framework */,
				0444F6E618EE3F7E005A0490 /* StoreKit.framework */,
				0444F6E318EE3F75005A0490 /* GameKit.framework */,
				048FD05D18EA587A0068C6CE /* FacebookSDK.framework */,
				0448478818EA1BA100D35B0F /* Foundation.framework */,
				0448478A18EA1BA100D35B0F /* CoreGraphics.framework */,
				0448478C18EA1BA100D35B0F /* UIKit.framework */,
				044847AA18EA1BA100D35B0F /* XCTest.framework */,
			);
			name = Frameworks;
			sourceTree = "<group>";
		};
		0448478E18EA1BA100D35B0F /* 2048 FB */ = {
			isa = PBXGroup;
			children = (
				0499660C18ED1A3F00373E57 /* README.md */,
				0444F6E518EE3F7B005A0490 /* 2048 FB.entitlements */,
				0448479A18EA1BA100D35B0F /* Main_iPhone.storyboard */,
				0448479D18EA1BA100D35B0F /* Main_iPad.storyboard */,
				044847A318EA1BA100D35B0F /* Images.xcassets */,
				04983CD118EF628E0022FB63 /* GUI/UX */,
				04601EE818EB8C39007BAC8E /* Model */,
				0448478F18EA1BA100D35B0F /* Supporting Files */,
			);
			path = "2048 FB";
			sourceTree = "<group>";
		};
		0448478F18EA1BA100D35B0F /* Supporting Files */ = {
			isa = PBXGroup;
			children = (
				0448479018EA1BA100D35B0F /* 2048 FB-Info.plist */,
				0448479118EA1BA100D35B0F /* InfoPlist.strings */,
				0448479418EA1BA100D35B0F /* main.m */,
				0448479618EA1BA100D35B0F /* 2048 FB-Prefix.pch */,
			);
			name = "Supporting Files";
			sourceTree = "<group>";
		};
		044847B018EA1BA100D35B0F /* 2048 FBTests */ = {
			isa = PBXGroup;
			children = (
				044847B618EA1BA100D35B0F /* _048_FBTests.m */,
				04A7C38318F31A0C0017C640 /* TileTest.m */,
				049118AC18F07DE60021657D /* BoardTest.m */,
				0428C73B18F3813600A1D7A4 /* HistoryTest.m */,
				0428C73918F37FCE00A1D7A4 /* GameManagerTest.m */,
				044847B118EA1BA100D35B0F /* Supporting Files */,
			);
			path = "2048 FBTests";
			sourceTree = "<group>";
		};
		044847B118EA1BA100D35B0F /* Supporting Files */ = {
			isa = PBXGroup;
			children = (
				044847B218EA1BA100D35B0F /* 2048 FBTests-Info.plist */,
				044847B318EA1BA100D35B0F /* InfoPlist.strings */,
			);
			name = "Supporting Files";
			sourceTree = "<group>";
		};
		04601EE818EB8C39007BAC8E /* Model */ = {
			isa = PBXGroup;
			children = (
				0499660E18ED1BEF00373E57 /* macro.h */,
				0448479718EA1BA100D35B0F /* AppDelegate.h */,
				0448479818EA1BA100D35B0F /* AppDelegate.m */,
				04983CDC18EFAA400022FB63 /* Layer03 (End User APIs, automatically save context and iCloud) */,
				04911A9C18EE04F500013B8E /* Layer02 (Simplified Object Management) */,
				0437867C18ECF90D0034651C /* Layer01 (CoreData Foundation) */,
				040F6E2318F21EAF006D237B /* Layer00 (Auto Generated NSManagedObject) */,
			);
			name = Model;
			sourceTree = "<group>";
		};
		048FD06218EA5A020068C6CE /* View Controller */ = {
			isa = PBXGroup;
			children = (
				048FD06318EA5DFB0068C6CE /* ViewController.h */,
				048FD06418EA5DFB0068C6CE /* ViewController.m */,
			);
			name = "View Controller";
			sourceTree = "<group>";
		};
		04911A9C18EE04F500013B8E /* Layer02 (Simplified Object Management) */ = {
			isa = PBXGroup;
			children = (
				04983CCC18EF5E090022FB63 /* Tile_02 */,
				04983CD018EF5E360022FB63 /* Board_02 */,
				040F6E3418F221F9006D237B /* History_02 */,
				04983CD518EF6FB40022FB63 /* GameManager_02 */,
			);
			name = "Layer02 (Simplified Object Management)";
			sourceTree = "<group>";
		};
		04983CCC18EF5E090022FB63 /* Tile_02 */ = {
			isa = PBXGroup;
			children = (
				04911A9D18EE053A00013B8E /* Tile+ModelLayer02.h */,
				04911A9E18EE053A00013B8E /* Tile+ModelLayer02.m */,
			);
			name = Tile_02;
			sourceTree = "<group>";
		};
		04983CD018EF5E360022FB63 /* Board_02 */ = {
			isa = PBXGroup;
			children = (
				04983CCD18EF5E320022FB63 /* Board+ModelLayer02.h */,
				04983CCE18EF5E320022FB63 /* Board+ModelLayer02.m */,
			);
			name = Board_02;
			sourceTree = "<group>";
		};
		04983CD118EF628E0022FB63 /* GUI/UX */ = {
			isa = PBXGroup;
			children = (
				043786C618ECFF970034651C /* Theme */,
				048FD06218EA5A020068C6CE /* View Controller */,
			);
			name = GUI/UX;
			sourceTree = "<group>";
		};
		04983CD518EF6FB40022FB63 /* GameManager_02 */ = {
			isa = PBXGroup;
			children = (
				04983CD618EF70B50022FB63 /* GameManager+ModelLayer02.h */,
				04983CD718EF70B50022FB63 /* GameManager+ModelLayer02.m */,
			);
			name = GameManager_02;
			sourceTree = "<group>";
		};
		04983CDC18EFAA400022FB63 /* Layer03 (End User APIs, automatically save context and iCloud) */ = {
			isa = PBXGroup;
			children = (
				04983CDD18EFAA630022FB63 /* Tile_03 */,
				04983CDE18EFAA690022FB63 /* Board_03 */,
				040F6E3518F22206006D237B /* History_03 */,
				04983CDF18EFAA740022FB63 /* GameManager_03 */,
			);
			name = "Layer03 (End User APIs, automatically save context and iCloud)";
			sourceTree = "<group>";
		};
		04983CDD18EFAA630022FB63 /* Tile_03 */ = {
			isa = PBXGroup;
			children = (
				04983CE018EFAA990022FB63 /* Tile+ModelLayer03.h */,
				04983CE118EFAA990022FB63 /* Tile+ModelLayer03.m */,
			);
			name = Tile_03;
			sourceTree = "<group>";
		};
		04983CDE18EFAA690022FB63 /* Board_03 */ = {
			isa = PBXGroup;
			children = (
				04983CE318EFAAB10022FB63 /* Board+ModelLayer03.h */,
				04983CE418EFAAB10022FB63 /* Board+ModelLayer03.m */,
			);
			name = Board_03;
			sourceTree = "<group>";
		};
		04983CDF18EFAA740022FB63 /* GameManager_03 */ = {
			isa = PBXGroup;
			children = (
				04983CE618EFAACA0022FB63 /* GameManager+ModelLayer03.h */,
				04983CE718EFAACA0022FB63 /* GameManager+ModelLayer03.m */,
			);
			name = GameManager_03;
			sourceTree = "<group>";
		};
		04A44ADB18EC8A58004D802A /* Tile_01 */ = {
			isa = PBXGroup;
			children = (
				04601F1318EB9C5B007BAC8E /* Tile+ModelLayer01.h */,
				04601F1418EB9C5B007BAC8E /* Tile+ModelLayer01.m */,
			);
			name = Tile_01;
			sourceTree = "<group>";
		};
		04A44ADC18EC8A5E004D802A /* Board_01 */ = {
			isa = PBXGroup;
			children = (
				04601F0D18EB9C32007BAC8E /* Board+ModelLayer01.h */,
				04601F0E18EB9C32007BAC8E /* Board+ModelLayer01.m */,
			);
			name = Board_01;
			sourceTree = "<group>";
		};
/* End PBXGroup section */

/* Begin PBXNativeTarget section */
		0448478418EA1BA100D35B0F /* 2048 FB */ = {
			isa = PBXNativeTarget;
			buildConfigurationList = 044847BA18EA1BA100D35B0F /* Build configuration list for PBXNativeTarget "2048 FB" */;
			buildPhases = (
				0448478118EA1BA100D35B0F /* Sources */,
				0448478218EA1BA100D35B0F /* Frameworks */,
				0448478318EA1BA100D35B0F /* Resources */,
			);
			buildRules = (
			);
			dependencies = (
			);
			name = "2048 FB";
			productName = "2048 FB";
			productReference = 0448478518EA1BA100D35B0F /* 2048 FB.app */;
			productType = "com.apple.product-type.application";
		};
		044847A818EA1BA100D35B0F /* 2048 FBTests */ = {
			isa = PBXNativeTarget;
			buildConfigurationList = 044847BD18EA1BA100D35B0F /* Build configuration list for PBXNativeTarget "2048 FBTests" */;
			buildPhases = (
				044847A518EA1BA100D35B0F /* Sources */,
				044847A618EA1BA100D35B0F /* Frameworks */,
				044847A718EA1BA100D35B0F /* Resources */,
			);
			buildRules = (
			);
			dependencies = (
				044847AF18EA1BA100D35B0F /* PBXTargetDependency */,
			);
			name = "2048 FBTests";
			productName = "2048 FBTests";
			productReference = 044847A918EA1BA100D35B0F /* 2048 FBTests.xctest */;
			productType = "com.apple.product-type.bundle.unit-test";
		};
/* End PBXNativeTarget section */

/* Begin PBXProject section */
		0448477D18EA1BA100D35B0F /* Project object */ = {
			isa = PBXProject;
			attributes = {
				CLASSPREFIX = TFFB;
				LastUpgradeCheck = 0510;
				ORGANIZATIONNAME = "Shuyang Sun";
				TargetAttributes = {
					0448478418EA1BA100D35B0F = {
						DevelopmentTeam = 7Q6SA8R25D;
						SystemCapabilities = {
							com.apple.DataProtection = {
								enabled = 1;
							};
							com.apple.GameCenter = {
								enabled = 1;
							};
							com.apple.InAppPurchase = {
								enabled = 1;
							};
							com.apple.iCloud = {
								enabled = 1;
							};
						};
					};
					044847A818EA1BA100D35B0F = {
						TestTargetID = 0448478418EA1BA100D35B0F;
					};
				};
			};
			buildConfigurationList = 0448478018EA1BA100D35B0F /* Build configuration list for PBXProject "2048 FB" */;
			compatibilityVersion = "Xcode 3.2";
			developmentRegion = English;
			hasScannedForEncodings = 0;
			knownRegions = (
				en,
				Base,
				he,
			);
			mainGroup = 0448477C18EA1BA100D35B0F;
			productRefGroup = 0448478618EA1BA100D35B0F /* Products */;
			projectDirPath = "";
			projectRoot = "";
			targets = (
				0448478418EA1BA100D35B0F /* 2048 FB */,
				044847A818EA1BA100D35B0F /* 2048 FBTests */,
			);
		};
/* End PBXProject section */

/* Begin PBXResourcesBuildPhase section */
		0448478318EA1BA100D35B0F /* Resources */ = {
			isa = PBXResourcesBuildPhase;
			buildActionMask = 2147483647;
			files = (
				0448479F18EA1BA100D35B0F /* Main_iPad.storyboard in Resources */,
				044847A418EA1BA100D35B0F /* Images.xcassets in Resources */,
				0499660D18ED1A3F00373E57 /* README.md in Resources */,
				0448479C18EA1BA100D35B0F /* Main_iPhone.storyboard in Resources */,
				0448479318EA1BA100D35B0F /* InfoPlist.strings in Resources */,
			);
			runOnlyForDeploymentPostprocessing = 0;
		};
		044847A718EA1BA100D35B0F /* Resources */ = {
			isa = PBXResourcesBuildPhase;
			buildActionMask = 2147483647;
			files = (
				044847B518EA1BA100D35B0F /* InfoPlist.strings in Resources */,
			);
			runOnlyForDeploymentPostprocessing = 0;
		};
/* End PBXResourcesBuildPhase section */

/* Begin PBXSourcesBuildPhase section */
		0448478118EA1BA100D35B0F /* Sources */ = {
			isa = PBXSourcesBuildPhase;
			buildActionMask = 2147483647;
			files = (
				040F6E3318F21FA4006D237B /* History+ModelLayer01.m in Sources */,
				040F6E3B18F22230006D237B /* History+ModelLayer03.m in Sources */,
				040F6E2118F20CE6006D237B /* GameManager.m in Sources */,
				040F6E3818F22225006D237B /* History+ModelLayer02.m in Sources */,
				04983CCF18EF5E320022FB63 /* Board+ModelLayer02.m in Sources */,
				04601F0F18EB9C32007BAC8E /* Board+ModelLayer01.m in Sources */,
				0448479918EA1BA100D35B0F /* AppDelegate.m in Sources */,
				040F6E1E18F1EED9006D237B /* Board.m in Sources */,
				04983CE818EFAACA0022FB63 /* GameManager+ModelLayer03.m in Sources */,
				04983CE518EFAAB10022FB63 /* Board+ModelLayer03.m in Sources */,
				04601F1518EB9C5B007BAC8E /* Tile+ModelLayer01.m in Sources */,
				040F6E3018F21F79006D237B /* History.m in Sources */,
				04911A9818ED964000013B8E /* GameManager+ModelLayer01.m in Sources */,
				04C7042518ED0903001DBD60 /* Theme.m in Sources */,
				0448479518EA1BA100D35B0F /* main.m in Sources */,
				048FD06518EA5DFB0068C6CE /* ViewController.m in Sources */,
				04601EE718EB8C33007BAC8E /* GameDataBase.xcdatamodeld in Sources */,
				04983CE218EFAA990022FB63 /* Tile+ModelLayer03.m in Sources */,
				04983CD818EF70B50022FB63 /* GameManager+ModelLayer02.m in Sources */,
				042039CF18F34D9800D5AB19 /* Tile.m in Sources */,
				04911A9F18EE053A00013B8E /* Tile+ModelLayer02.m in Sources */,
			);
			runOnlyForDeploymentPostprocessing = 0;
		};
		044847A518EA1BA100D35B0F /* Sources */ = {
			isa = PBXSourcesBuildPhase;
			buildActionMask = 2147483647;
			files = (
				04A7C38418F31A0C0017C640 /* TileTest.m in Sources */,
				0428C73C18F3813600A1D7A4 /* HistoryTest.m in Sources */,
				0428C73A18F37FCE00A1D7A4 /* GameManagerTest.m in Sources */,
				049118AD18F07DE60021657D /* BoardTest.m in Sources */,
				044847B718EA1BA100D35B0F /* _048_FBTests.m in Sources */,
			);
			runOnlyForDeploymentPostprocessing = 0;
		};
/* End PBXSourcesBuildPhase section */

/* Begin PBXTargetDependency section */
		044847AF18EA1BA100D35B0F /* PBXTargetDependency */ = {
			isa = PBXTargetDependency;
			target = 0448478418EA1BA100D35B0F /* 2048 FB */;
			targetProxy = 044847AE18EA1BA100D35B0F /* PBXContainerItemProxy */;
		};
/* End PBXTargetDependency section */

/* Begin PBXVariantGroup section */
		0448479118EA1BA100D35B0F /* InfoPlist.strings */ = {
			isa = PBXVariantGroup;
			children = (
				0448479218EA1BA100D35B0F /* en */,
			);
			name = InfoPlist.strings;
			sourceTree = "<group>";
		};
		0448479A18EA1BA100D35B0F /* Main_iPhone.storyboard */ = {
			isa = PBXVariantGroup;
			children = (
				0448479B18EA1BA100D35B0F /* Base */,
			);
			name = Main_iPhone.storyboard;
			sourceTree = "<group>";
		};
		0448479D18EA1BA100D35B0F /* Main_iPad.storyboard */ = {
			isa = PBXVariantGroup;
			children = (
				0448479E18EA1BA100D35B0F /* Base */,
			);
			name = Main_iPad.storyboard;
			sourceTree = "<group>";
		};
		044847B318EA1BA100D35B0F /* InfoPlist.strings */ = {
			isa = PBXVariantGroup;
			children = (
				044847B418EA1BA100D35B0F /* en */,
			);
			name = InfoPlist.strings;
			sourceTree = "<group>";
		};
/* End PBXVariantGroup section */

/* Begin XCBuildConfiguration section */
		044847B818EA1BA100D35B0F /* Debug */ = {
			isa = XCBuildConfiguration;
			buildSettings = {
				ALWAYS_SEARCH_USER_PATHS = NO;
				CLANG_CXX_LANGUAGE_STANDARD = "gnu++0x";
				CLANG_CXX_LIBRARY = "libc++";
				CLANG_ENABLE_MODULES = YES;
				CLANG_ENABLE_OBJC_ARC = YES;
				CLANG_WARN_BOOL_CONVERSION = YES;
				CLANG_WARN_CONSTANT_CONVERSION = YES;
				CLANG_WARN_DIRECT_OBJC_ISA_USAGE = YES_ERROR;
				CLANG_WARN_EMPTY_BODY = YES;
				CLANG_WARN_ENUM_CONVERSION = YES;
				CLANG_WARN_INT_CONVERSION = YES;
				CLANG_WARN_OBJC_ROOT_CLASS = YES_ERROR;
				CLANG_WARN__DUPLICATE_METHOD_MATCH = YES;
				"CODE_SIGN_IDENTITY[sdk=iphoneos*]" = "iPhone Developer";
				COPY_PHASE_STRIP = NO;
				GCC_C_LANGUAGE_STANDARD = gnu99;
				GCC_DYNAMIC_NO_PIC = NO;
				GCC_OPTIMIZATION_LEVEL = 0;
				GCC_PREPROCESSOR_DEFINITIONS = (
					"DEBUG=1",
					"$(inherited)",
				);
				GCC_SYMBOLS_PRIVATE_EXTERN = NO;
				GCC_WARN_64_TO_32_BIT_CONVERSION = YES;
				GCC_WARN_ABOUT_RETURN_TYPE = YES_ERROR;
				GCC_WARN_UNDECLARED_SELECTOR = YES;
				GCC_WARN_UNINITIALIZED_AUTOS = YES_AGGRESSIVE;
				GCC_WARN_UNUSED_FUNCTION = YES;
				GCC_WARN_UNUSED_VARIABLE = YES;
				IPHONEOS_DEPLOYMENT_TARGET = 7.1;
				ONLY_ACTIVE_ARCH = YES;
				SDKROOT = iphoneos;
				TARGETED_DEVICE_FAMILY = "1,2";
			};
			name = Debug;
		};
		044847B918EA1BA100D35B0F /* Release */ = {
			isa = XCBuildConfiguration;
			buildSettings = {
				ALWAYS_SEARCH_USER_PATHS = NO;
				CLANG_CXX_LANGUAGE_STANDARD = "gnu++0x";
				CLANG_CXX_LIBRARY = "libc++";
				CLANG_ENABLE_MODULES = YES;
				CLANG_ENABLE_OBJC_ARC = YES;
				CLANG_WARN_BOOL_CONVERSION = YES;
				CLANG_WARN_CONSTANT_CONVERSION = YES;
				CLANG_WARN_DIRECT_OBJC_ISA_USAGE = YES_ERROR;
				CLANG_WARN_EMPTY_BODY = YES;
				CLANG_WARN_ENUM_CONVERSION = YES;
				CLANG_WARN_INT_CONVERSION = YES;
				CLANG_WARN_OBJC_ROOT_CLASS = YES_ERROR;
				CLANG_WARN__DUPLICATE_METHOD_MATCH = YES;
				"CODE_SIGN_IDENTITY[sdk=iphoneos*]" = "iPhone Developer";
				COPY_PHASE_STRIP = YES;
				ENABLE_NS_ASSERTIONS = NO;
				GCC_C_LANGUAGE_STANDARD = gnu99;
				GCC_WARN_64_TO_32_BIT_CONVERSION = YES;
				GCC_WARN_ABOUT_RETURN_TYPE = YES_ERROR;
				GCC_WARN_UNDECLARED_SELECTOR = YES;
				GCC_WARN_UNINITIALIZED_AUTOS = YES_AGGRESSIVE;
				GCC_WARN_UNUSED_FUNCTION = YES;
				GCC_WARN_UNUSED_VARIABLE = YES;
				IPHONEOS_DEPLOYMENT_TARGET = 7.1;
				SDKROOT = iphoneos;
				TARGETED_DEVICE_FAMILY = "1,2";
				VALIDATE_PRODUCT = YES;
			};
			name = Release;
		};
		044847BB18EA1BA100D35B0F /* Debug */ = {
			isa = XCBuildConfiguration;
			buildSettings = {
				ASSETCATALOG_COMPILER_APPICON_NAME = AppIcon;
				ASSETCATALOG_COMPILER_LAUNCHIMAGE_NAME = LaunchImage;
				CODE_SIGN_ENTITLEMENTS = "2048 FB/2048 FB.entitlements";
				CODE_SIGN_IDENTITY = "iPhone Developer";
				"CODE_SIGN_IDENTITY[sdk=iphoneos*]" = "iPhone Developer";
				FRAMEWORK_SEARCH_PATHS = (
					"$(inherited)",
					"$(PROJECT_DIR)/FacebookSDK",
					"$(PROJECT_DIR)",
				);
				GCC_PRECOMPILE_PREFIX_HEADER = YES;
				GCC_PREFIX_HEADER = "2048 FB/2048 FB-Prefix.pch";
				INFOPLIST_FILE = "2048 FB/2048 FB-Info.plist";
				IPHONEOS_DEPLOYMENT_TARGET = 7.1;
				OTHER_LDFLAGS = "";
				PRODUCT_NAME = "$(TARGET_NAME)";
				PROVISIONING_PROFILE = "";
				WRAPPER_EXTENSION = app;
			};
			name = Debug;
		};
		044847BC18EA1BA100D35B0F /* Release */ = {
			isa = XCBuildConfiguration;
			buildSettings = {
				ASSETCATALOG_COMPILER_APPICON_NAME = AppIcon;
				ASSETCATALOG_COMPILER_LAUNCHIMAGE_NAME = LaunchImage;
				CODE_SIGN_ENTITLEMENTS = "2048 FB/2048 FB.entitlements";
				CODE_SIGN_IDENTITY = "iPhone Developer";
				"CODE_SIGN_IDENTITY[sdk=iphoneos*]" = "iPhone Developer";
				FRAMEWORK_SEARCH_PATHS = (
					"$(inherited)",
					"$(PROJECT_DIR)/FacebookSDK",
					"$(PROJECT_DIR)",
				);
				GCC_PRECOMPILE_PREFIX_HEADER = YES;
				GCC_PREFIX_HEADER = "2048 FB/2048 FB-Prefix.pch";
				INFOPLIST_FILE = "2048 FB/2048 FB-Info.plist";
				IPHONEOS_DEPLOYMENT_TARGET = 7.1;
				OTHER_LDFLAGS = "";
				PRODUCT_NAME = "$(TARGET_NAME)";
				PROVISIONING_PROFILE = "";
				WRAPPER_EXTENSION = app;
			};
			name = Release;
		};
		044847BE18EA1BA100D35B0F /* Debug */ = {
			isa = XCBuildConfiguration;
			buildSettings = {
				BUNDLE_LOADER = "$(BUILT_PRODUCTS_DIR)/2048 FB.app/2048 FB";
				FRAMEWORK_SEARCH_PATHS = (
					"$(SDKROOT)/Developer/Library/Frameworks",
					"$(inherited)",
					"$(DEVELOPER_FRAMEWORKS_DIR)",
				);
				GCC_PRECOMPILE_PREFIX_HEADER = YES;
				GCC_PREFIX_HEADER = "2048 FB/2048 FB-Prefix.pch";
				GCC_PREPROCESSOR_DEFINITIONS = (
					"DEBUG=1",
					"$(inherited)",
				);
				INFOPLIST_FILE = "2048 FBTests/2048 FBTests-Info.plist";
				PRODUCT_NAME = "$(TARGET_NAME)";
				TEST_HOST = "$(BUNDLE_LOADER)";
				WRAPPER_EXTENSION = xctest;
			};
			name = Debug;
		};
		044847BF18EA1BA100D35B0F /* Release */ = {
			isa = XCBuildConfiguration;
			buildSettings = {
				BUNDLE_LOADER = "$(BUILT_PRODUCTS_DIR)/2048 FB.app/2048 FB";
				FRAMEWORK_SEARCH_PATHS = (
					"$(SDKROOT)/Developer/Library/Frameworks",
					"$(inherited)",
					"$(DEVELOPER_FRAMEWORKS_DIR)",
				);
				GCC_PRECOMPILE_PREFIX_HEADER = YES;
				GCC_PREFIX_HEADER = "2048 FB/2048 FB-Prefix.pch";
				INFOPLIST_FILE = "2048 FBTests/2048 FBTests-Info.plist";
				PRODUCT_NAME = "$(TARGET_NAME)";
				TEST_HOST = "$(BUNDLE_LOADER)";
				WRAPPER_EXTENSION = xctest;
			};
			name = Release;
		};
/* End XCBuildConfiguration section */

/* Begin XCConfigurationList section */
		0448478018EA1BA100D35B0F /* Build configuration list for PBXProject "2048 FB" */ = {
			isa = XCConfigurationList;
			buildConfigurations = (
				044847B818EA1BA100D35B0F /* Debug */,
				044847B918EA1BA100D35B0F /* Release */,
			);
			defaultConfigurationIsVisible = 0;
			defaultConfigurationName = Release;
		};
		044847BA18EA1BA100D35B0F /* Build configuration list for PBXNativeTarget "2048 FB" */ = {
			isa = XCConfigurationList;
			buildConfigurations = (
				044847BB18EA1BA100D35B0F /* Debug */,
				044847BC18EA1BA100D35B0F /* Release */,
			);
			defaultConfigurationIsVisible = 0;
			defaultConfigurationName = Release;
		};
		044847BD18EA1BA100D35B0F /* Build configuration list for PBXNativeTarget "2048 FBTests" */ = {
			isa = XCConfigurationList;
			buildConfigurations = (
				044847BE18EA1BA100D35B0F /* Debug */,
				044847BF18EA1BA100D35B0F /* Release */,
			);
			defaultConfigurationIsVisible = 0;
			defaultConfigurationName = Release;
		};
/* End XCConfigurationList section */

/* Begin XCVersionGroup section */
		04601EE518EB8C33007BAC8E /* GameDataBase.xcdatamodeld */ = {
			isa = XCVersionGroup;
			children = (
				04601EE618EB8C33007BAC8E /* GameDataBase.xcdatamodel */,
			);
			currentVersion = 04601EE618EB8C33007BAC8E /* GameDataBase.xcdatamodel */;
			path = GameDataBase.xcdatamodeld;
			sourceTree = "<group>";
			versionGroupType = wrapper.xcdatamodel;
		};
/* End XCVersionGroup section */
	};
	rootObject = 0448477D18EA1BA100D35B0F /* Project object */;
}
